// !$*UTF8*$!
{
	archiveVersion = 1;
	classes = {
	};
	objectVersion = 56;
	objects = {

/* Begin PBXBuildFile section */
		5B03F12A2969DB5B00AB1C7F /* ASInspector.framework in Frameworks */ = {isa = PBXBuildFile; fileRef = 5B03F1212969DB5B00AB1C7F /* ASInspector.framework */; };
		5B03F12F2969DB5B00AB1C7F /* ASInspectorTests.swift in Sources */ = {isa = PBXBuildFile; fileRef = 5B03F12E2969DB5B00AB1C7F /* ASInspectorTests.swift */; };
		5B03F1302969DB5B00AB1C7F /* ASInspector.h in Headers */ = {isa = PBXBuildFile; fileRef = 5B03F1242969DB5B00AB1C7F /* ASInspector.h */; settings = {ATTRIBUTES = (Public, ); }; };
		5B03F1672969DC7200AB1C7F /* MIMEChecker.swift in Sources */ = {isa = PBXBuildFile; fileRef = 5B03F1662969DC7200AB1C7F /* MIMEChecker.swift */; };
		5B03F1692969DC9700AB1C7F /* FileMeta.swift in Sources */ = {isa = PBXBuildFile; fileRef = 5B03F1682969DC9700AB1C7F /* FileMeta.swift */; };
		5B03F16B2969DCAA00AB1C7F /* ContentType.swift in Sources */ = {isa = PBXBuildFile; fileRef = 5B03F16A2969DCAA00AB1C7F /* ContentType.swift */; };
		5B03F16F2969DCD400AB1C7F /* GzipError.swift in Sources */ = {isa = PBXBuildFile; fileRef = 5B03F16E2969DCD400AB1C7F /* GzipError.swift */; };
		5B03F1712969DCF500AB1C7F /* URLRequest+Helpers.swift in Sources */ = {isa = PBXBuildFile; fileRef = 5B03F1702969DCF500AB1C7F /* URLRequest+Helpers.swift */; };
		5B03F1732969DD1700AB1C7F /* Data+Helpers.swift in Sources */ = {isa = PBXBuildFile; fileRef = 5B03F1722969DD1700AB1C7F /* Data+Helpers.swift */; };
		5B03F1752969DD3100AB1C7F /* DataSize.swift in Sources */ = {isa = PBXBuildFile; fileRef = 5B03F1742969DD3100AB1C7F /* DataSize.swift */; };
		5B03F1772969DD4F00AB1C7F /* NSMutableURLRequest+Helpers.swift in Sources */ = {isa = PBXBuildFile; fileRef = 5B03F1762969DD4F00AB1C7F /* NSMutableURLRequest+Helpers.swift */; };
		5B03F18A2969DEEA00AB1C7F /* NetworkConstants.swift in Sources */ = {isa = PBXBuildFile; fileRef = 5B03F1892969DEEA00AB1C7F /* NetworkConstants.swift */; };
		5B03F18D2969DF2100AB1C7F /* SessionState.swift in Sources */ = {isa = PBXBuildFile; fileRef = 5B03F18C2969DF2100AB1C7F /* SessionState.swift */; };
		5B03F1922969DF5200AB1C7F /* Bundle+Helpers.swift in Sources */ = {isa = PBXBuildFile; fileRef = 5B03F18F2969DF5200AB1C7F /* Bundle+Helpers.swift */; };
		5B03F1932969DF5200AB1C7F /* DispatchQueue+Helpers.swift in Sources */ = {isa = PBXBuildFile; fileRef = 5B03F1902969DF5200AB1C7F /* DispatchQueue+Helpers.swift */; };
		5B03F1942969DF5200AB1C7F /* NotificationName+Names.swift in Sources */ = {isa = PBXBuildFile; fileRef = 5B03F1912969DF5200AB1C7F /* NotificationName+Names.swift */; };
		5B03F1962969DF7D00AB1C7F /* Constants.swift in Sources */ = {isa = PBXBuildFile; fileRef = 5B03F1952969DF7D00AB1C7F /* Constants.swift */; };
		5B03F1982969E02300AB1C7F /* AppUtilities.swift in Sources */ = {isa = PBXBuildFile; fileRef = 5B03F1972969E02300AB1C7F /* AppUtilities.swift */; };
		5B03F19B2969E05D00AB1C7F /* FileService.swift in Sources */ = {isa = PBXBuildFile; fileRef = 5B03F19A2969E05D00AB1C7F /* FileService.swift */; };
		5B03F19E2969E0C500AB1C7F /* LoggerProtocol.swift in Sources */ = {isa = PBXBuildFile; fileRef = 5B03F19D2969E0C500AB1C7F /* LoggerProtocol.swift */; };
		5B03F1A02969E0FE00AB1C7F /* FileServiceContract.swift in Sources */ = {isa = PBXBuildFile; fileRef = 5B03F19F2969E0FE00AB1C7F /* FileServiceContract.swift */; };
		5B03F1A52969E26200AB1C7F /* NetworkLogData.swift in Sources */ = {isa = PBXBuildFile; fileRef = 5B03F1A42969E26200AB1C7F /* NetworkLogData.swift */; };
		5B03F1A72969E46000AB1C7F /* UINetworkLogData.swift in Sources */ = {isa = PBXBuildFile; fileRef = 5B03F1A62969E46000AB1C7F /* UINetworkLogData.swift */; };
		5B03F1A92969E5F600AB1C7F /* NetworkInterceptor.swift in Sources */ = {isa = PBXBuildFile; fileRef = 5B03F1A82969E5F600AB1C7F /* NetworkInterceptor.swift */; };
		5B03F1AB2969E62D00AB1C7F /* URLSessionConfiguration+Helpers.swift in Sources */ = {isa = PBXBuildFile; fileRef = 5B03F1AA2969E62D00AB1C7F /* URLSessionConfiguration+Helpers.swift */; };
		5B03F1AD2969E6A100AB1C7F /* ASURLProtocol.swift in Sources */ = {isa = PBXBuildFile; fileRef = 5B03F1AC2969E6A100AB1C7F /* ASURLProtocol.swift */; };
		5B03F1AF2969E6D600AB1C7F /* AuthenticationChallengeSender.swift in Sources */ = {isa = PBXBuildFile; fileRef = 5B03F1AE2969E6D600AB1C7F /* AuthenticationChallengeSender.swift */; };
		5B03F1B12969E75C00AB1C7F /* NetworkManager.swift in Sources */ = {isa = PBXBuildFile; fileRef = 5B03F1B02969E75C00AB1C7F /* NetworkManager.swift */; };
		5B03F1B32969F90A00AB1C7F /* ASInspector.swift in Sources */ = {isa = PBXBuildFile; fileRef = 5B03F1B22969F90A00AB1C7F /* ASInspector.swift */; };
		5B03F1B62969F9C200AB1C7F /* UIManager.swift in Sources */ = {isa = PBXBuildFile; fileRef = 5B03F1B52969F9C200AB1C7F /* UIManager.swift */; };
		5B03F1BA2969FA2300AB1C7F /* UIHelpers.swift in Sources */ = {isa = PBXBuildFile; fileRef = 5B03F1B92969FA2300AB1C7F /* UIHelpers.swift */; };
		5B03F1BC2969FA5400AB1C7F /* AppColors.swift in Sources */ = {isa = PBXBuildFile; fileRef = 5B03F1BB2969FA5400AB1C7F /* AppColors.swift */; };
		5B03F1BE2969FAA800AB1C7F /* BaseWindow.swift in Sources */ = {isa = PBXBuildFile; fileRef = 5B03F1BD2969FAA800AB1C7F /* BaseWindow.swift */; };
		5B03F1C02969FB3600AB1C7F /* UIView+Helpers.swift in Sources */ = {isa = PBXBuildFile; fileRef = 5B03F1BF2969FB3600AB1C7F /* UIView+Helpers.swift */; };
		5B03F1C22969FBC600AB1C7F /* UIEdgeInsets+Helpers.swift in Sources */ = {isa = PBXBuildFile; fileRef = 5B03F1C12969FBC600AB1C7F /* UIEdgeInsets+Helpers.swift */; };
		5B03F1C42969FC0100AB1C7F /* String+UIHelpers.swift in Sources */ = {isa = PBXBuildFile; fileRef = 5B03F1C32969FC0100AB1C7F /* String+UIHelpers.swift */; };
		5B03F1C72969FF4E00AB1C7F /* IconWindow.swift in Sources */ = {isa = PBXBuildFile; fileRef = 5B03F1C62969FF4E00AB1C7F /* IconWindow.swift */; };
		5B03F1C9296A016600AB1C7F /* Assets.xcassets in Resources */ = {isa = PBXBuildFile; fileRef = 5B03F1C8296A016500AB1C7F /* Assets.xcassets */; };
		5B03F1CB296A01D500AB1C7F /* AppImages.swift in Sources */ = {isa = PBXBuildFile; fileRef = 5B03F1CA296A01D500AB1C7F /* AppImages.swift */; };
		5B03F1CD296A067D00AB1C7F /* UIButton+Helpers.swift in Sources */ = {isa = PBXBuildFile; fileRef = 5B03F1CC296A067D00AB1C7F /* UIButton+Helpers.swift */; };
		5B03F1D0296A08F500AB1C7F /* UIBaseTabBarController.swift in Sources */ = {isa = PBXBuildFile; fileRef = 5B03F1CF296A08F500AB1C7F /* UIBaseTabBarController.swift */; };
		5B9CD38C296B4CD200346B4E /* Tabs.swift in Sources */ = {isa = PBXBuildFile; fileRef = 5B9CD38B296B4CD200346B4E /* Tabs.swift */; };
		5B9CD38F296B541D00346B4E /* NetworkLogsViewController.swift in Sources */ = {isa = PBXBuildFile; fileRef = 5B9CD38E296B541D00346B4E /* NetworkLogsViewController.swift */; };
		5B9CD392296B544400346B4E /* BaseViewController.swift in Sources */ = {isa = PBXBuildFile; fileRef = 5B9CD391296B544400346B4E /* BaseViewController.swift */; };
		5BB693F0298C79580083BECA /* NetworkTableViewCell.swift in Sources */ = {isa = PBXBuildFile; fileRef = 5BB693EE298C79580083BECA /* NetworkTableViewCell.swift */; };
		5BB693F1298C79580083BECA /* NetworkTableViewCell.xib in Resources */ = {isa = PBXBuildFile; fileRef = 5BB693EF298C79580083BECA /* NetworkTableViewCell.xib */; };
		5BB693F3298C79700083BECA /* NetworkRepresentable.swift in Sources */ = {isa = PBXBuildFile; fileRef = 5BB693F2298C79700083BECA /* NetworkRepresentable.swift */; };
		5BB693F7298C7A670083BECA /* UITableView+Helpers.swift in Sources */ = {isa = PBXBuildFile; fileRef = 5BB693F6298C7A670083BECA /* UITableView+Helpers.swift */; };
		5BB693FA298C7B6E0083BECA /* Array+Helpers.swift in Sources */ = {isa = PBXBuildFile; fileRef = 5BB693F9298C7B6E0083BECA /* Array+Helpers.swift */; };
		5BB693FC298C7C490083BECA /* BaseTableViewCell.swift in Sources */ = {isa = PBXBuildFile; fileRef = 5BB693FB298C7C490083BECA /* BaseTableViewCell.swift */; };
		5BB693FE298C7EBC0083BECA /* Int+Helpers.swift in Sources */ = {isa = PBXBuildFile; fileRef = 5BB693FD298C7EBC0083BECA /* Int+Helpers.swift */; };
		5BB69402298C83790083BECA /* BaseRootViewController.swift in Sources */ = {isa = PBXBuildFile; fileRef = 5BB69401298C83790083BECA /* BaseRootViewController.swift */; };
		5BB69404298C84EA0083BECA /* BaseHeaderView.swift in Sources */ = {isa = PBXBuildFile; fileRef = 5BB69403298C84EA0083BECA /* BaseHeaderView.swift */; };
		5BB69406298C96FD0083BECA /* NetworkLogsViewController.xib in Resources */ = {isa = PBXBuildFile; fileRef = 5BB69405298C96FD0083BECA /* NetworkLogsViewController.xib */; };
		5BB69408298C98130083BECA /* BaseNavigationController.swift in Sources */ = {isa = PBXBuildFile; fileRef = 5BB69407298C98130083BECA /* BaseNavigationController.swift */; };
		5BB6940A298C9D5D0083BECA /* Date+Helpers.swift in Sources */ = {isa = PBXBuildFile; fileRef = 5BB69409298C9D5D0083BECA /* Date+Helpers.swift */; };
		5BE6AF6429C52DCC008B5EB0 /* ConsoleLogsViewController.swift in Sources */ = {isa = PBXBuildFile; fileRef = 5BE6AF6229C52DCC008B5EB0 /* ConsoleLogsViewController.swift */; };
		5BE6AF6529C52DCC008B5EB0 /* ConsoleLogsViewController.xib in Resources */ = {isa = PBXBuildFile; fileRef = 5BE6AF6329C52DCC008B5EB0 /* ConsoleLogsViewController.xib */; };
		5BE6AF6929C52F02008B5EB0 /* ASInspector.xcdatamodeld in Sources */ = {isa = PBXBuildFile; fileRef = 5BE6AF6729C52F02008B5EB0 /* ASInspector.xcdatamodeld */; };
		5BE6AF6D29C52F89008B5EB0 /* CoreDataManager.swift in Sources */ = {isa = PBXBuildFile; fileRef = 5BE6AF6C29C52F89008B5EB0 /* CoreDataManager.swift */; };
		5BE6AF6F29C53020008B5EB0 /* FileExtension.swift in Sources */ = {isa = PBXBuildFile; fileRef = 5BE6AF6E29C53020008B5EB0 /* FileExtension.swift */; };
		5BE6AF7129C53080008B5EB0 /* Logger.swift in Sources */ = {isa = PBXBuildFile; fileRef = 5BE6AF7029C53080008B5EB0 /* Logger.swift */; };
		5BE6AF7429C5344A008B5EB0 /* LogData.swift in Sources */ = {isa = PBXBuildFile; fileRef = 5BE6AF7329C5344A008B5EB0 /* LogData.swift */; };
		5BE6AF7629C5345B008B5EB0 /* LogLevel.swift in Sources */ = {isa = PBXBuildFile; fileRef = 5BE6AF7529C5345B008B5EB0 /* LogLevel.swift */; };
		5BE6AF7829C534B0008B5EB0 /* LoggerManager.swift in Sources */ = {isa = PBXBuildFile; fileRef = 5BE6AF7729C534B0008B5EB0 /* LoggerManager.swift */; };
		5BE6AF7C29C538C6008B5EB0 /* LogTableViewCell.swift in Sources */ = {isa = PBXBuildFile; fileRef = 5BE6AF7A29C538C6008B5EB0 /* LogTableViewCell.swift */; };
		5BE6AF7D29C538C6008B5EB0 /* LogTableViewCell.xib in Resources */ = {isa = PBXBuildFile; fileRef = 5BE6AF7B29C538C6008B5EB0 /* LogTableViewCell.xib */; };
/* End PBXBuildFile section */

/* Begin PBXContainerItemProxy section */
		5B03F12B2969DB5B00AB1C7F /* PBXContainerItemProxy */ = {
			isa = PBXContainerItemProxy;
			containerPortal = 5B03F1182969DB5B00AB1C7F /* Project object */;
			proxyType = 1;
			remoteGlobalIDString = 5B03F1202969DB5B00AB1C7F;
			remoteInfo = ASInspector;
		};
/* End PBXContainerItemProxy section */

/* Begin PBXFileReference section */
		5B03F1212969DB5B00AB1C7F /* ASInspector.framework */ = {isa = PBXFileReference; explicitFileType = wrapper.framework; includeInIndex = 0; path = ASInspector.framework; sourceTree = BUILT_PRODUCTS_DIR; };
		5B03F1242969DB5B00AB1C7F /* ASInspector.h */ = {isa = PBXFileReference; lastKnownFileType = sourcecode.c.h; path = ASInspector.h; sourceTree = "<group>"; };
		5B03F1292969DB5B00AB1C7F /* ASInspectorTests.xctest */ = {isa = PBXFileReference; explicitFileType = wrapper.cfbundle; includeInIndex = 0; path = ASInspectorTests.xctest; sourceTree = BUILT_PRODUCTS_DIR; };
		5B03F12E2969DB5B00AB1C7F /* ASInspectorTests.swift */ = {isa = PBXFileReference; lastKnownFileType = sourcecode.swift; path = ASInspectorTests.swift; sourceTree = "<group>"; };
		5B03F1662969DC7200AB1C7F /* MIMEChecker.swift */ = {isa = PBXFileReference; lastKnownFileType = sourcecode.swift; path = MIMEChecker.swift; sourceTree = "<group>"; };
		5B03F1682969DC9700AB1C7F /* FileMeta.swift */ = {isa = PBXFileReference; lastKnownFileType = sourcecode.swift; path = FileMeta.swift; sourceTree = "<group>"; };
		5B03F16A2969DCAA00AB1C7F /* ContentType.swift */ = {isa = PBXFileReference; lastKnownFileType = sourcecode.swift; path = ContentType.swift; sourceTree = "<group>"; };
		5B03F16E2969DCD400AB1C7F /* GzipError.swift */ = {isa = PBXFileReference; lastKnownFileType = sourcecode.swift; path = GzipError.swift; sourceTree = "<group>"; };
		5B03F1702969DCF500AB1C7F /* URLRequest+Helpers.swift */ = {isa = PBXFileReference; lastKnownFileType = sourcecode.swift; path = "URLRequest+Helpers.swift"; sourceTree = "<group>"; };
		5B03F1722969DD1700AB1C7F /* Data+Helpers.swift */ = {isa = PBXFileReference; lastKnownFileType = sourcecode.swift; path = "Data+Helpers.swift"; sourceTree = "<group>"; };
		5B03F1742969DD3100AB1C7F /* DataSize.swift */ = {isa = PBXFileReference; lastKnownFileType = sourcecode.swift; path = DataSize.swift; sourceTree = "<group>"; };
		5B03F1762969DD4F00AB1C7F /* NSMutableURLRequest+Helpers.swift */ = {isa = PBXFileReference; lastKnownFileType = sourcecode.swift; path = "NSMutableURLRequest+Helpers.swift"; sourceTree = "<group>"; };
		5B03F1892969DEEA00AB1C7F /* NetworkConstants.swift */ = {isa = PBXFileReference; lastKnownFileType = sourcecode.swift; path = NetworkConstants.swift; sourceTree = "<group>"; };
		5B03F18C2969DF2100AB1C7F /* SessionState.swift */ = {isa = PBXFileReference; fileEncoding = 4; lastKnownFileType = sourcecode.swift; path = SessionState.swift; sourceTree = "<group>"; };
		5B03F18F2969DF5200AB1C7F /* Bundle+Helpers.swift */ = {isa = PBXFileReference; fileEncoding = 4; lastKnownFileType = sourcecode.swift; name = "Bundle+Helpers.swift"; path = "../../../../../AsInspector/ASInspector/ASInspector/CoreInspector/Extentions/Bundle+Helpers.swift"; sourceTree = "<group>"; };
		5B03F1902969DF5200AB1C7F /* DispatchQueue+Helpers.swift */ = {isa = PBXFileReference; fileEncoding = 4; lastKnownFileType = sourcecode.swift; name = "DispatchQueue+Helpers.swift"; path = "../../../../../AsInspector/ASInspector/ASInspector/CoreInspector/Extentions/DispatchQueue+Helpers.swift"; sourceTree = "<group>"; };
		5B03F1912969DF5200AB1C7F /* NotificationName+Names.swift */ = {isa = PBXFileReference; fileEncoding = 4; lastKnownFileType = sourcecode.swift; name = "NotificationName+Names.swift"; path = "../../../../../AsInspector/ASInspector/ASInspector/CoreInspector/Extentions/NotificationName+Names.swift"; sourceTree = "<group>"; };
		5B03F1952969DF7D00AB1C7F /* Constants.swift */ = {isa = PBXFileReference; fileEncoding = 4; lastKnownFileType = sourcecode.swift; name = Constants.swift; path = ../../../../../../AsInspector/ASInspector/ASInspector/CoreInspector/Utilities/Constans/Constants.swift; sourceTree = "<group>"; };
		5B03F1972969E02300AB1C7F /* AppUtilities.swift */ = {isa = PBXFileReference; lastKnownFileType = sourcecode.swift; name = AppUtilities.swift; path = ../../../../../AsInspector/ASInspector/ASInspector/NetworkInspector/Utilities/AppUtilities.swift; sourceTree = "<group>"; };
		5B03F19A2969E05D00AB1C7F /* FileService.swift */ = {isa = PBXFileReference; lastKnownFileType = sourcecode.swift; path = FileService.swift; sourceTree = "<group>"; };
		5B03F19D2969E0C500AB1C7F /* LoggerProtocol.swift */ = {isa = PBXFileReference; lastKnownFileType = sourcecode.swift; name = LoggerProtocol.swift; path = ../../../../../../AsInspector/ASInspector/ASInspector/CoreInspector/Managers/FileServices/LoggerProtocol.swift; sourceTree = "<group>"; };
		5B03F19F2969E0FE00AB1C7F /* FileServiceContract.swift */ = {isa = PBXFileReference; lastKnownFileType = sourcecode.swift; name = FileServiceContract.swift; path = ../../../../../../AsInspector/ASInspector/ASInspector/CoreInspector/Managers/FileServices/FileServiceContract.swift; sourceTree = "<group>"; };
		5B03F1A42969E26200AB1C7F /* NetworkLogData.swift */ = {isa = PBXFileReference; lastKnownFileType = sourcecode.swift; name = NetworkLogData.swift; path = ../../../../../AsInspector/ASInspector/ASInspector/NetworkInspector/Models/NetworkLogData.swift; sourceTree = "<group>"; };
		5B03F1A62969E46000AB1C7F /* UINetworkLogData.swift */ = {isa = PBXFileReference; lastKnownFileType = sourcecode.swift; name = UINetworkLogData.swift; path = ../../../../../AsInspector/ASInspector/ASInspector/NetworkInspector/Models/UINetworkLogData.swift; sourceTree = "<group>"; };
		5B03F1A82969E5F600AB1C7F /* NetworkInterceptor.swift */ = {isa = PBXFileReference; lastKnownFileType = sourcecode.swift; name = NetworkInterceptor.swift; path = ../../../../AsInspector/ASInspector/ASInspector/NetworkInspector/NetworkInterceptor.swift; sourceTree = "<group>"; };
		5B03F1AA2969E62D00AB1C7F /* URLSessionConfiguration+Helpers.swift */ = {isa = PBXFileReference; lastKnownFileType = sourcecode.swift; name = "URLSessionConfiguration+Helpers.swift"; path = "../../../../../../AsInspector/ASInspector/ASInspector/NetworkInspector/Extentions/URLRequest/URLSessionConfiguration+Helpers.swift"; sourceTree = "<group>"; };
		5B03F1AC2969E6A100AB1C7F /* ASURLProtocol.swift */ = {isa = PBXFileReference; lastKnownFileType = sourcecode.swift; name = ASURLProtocol.swift; path = ../../../../../AsInspector/ASInspector/ASInspector/NetworkInspector/Models/ASURLProtocol.swift; sourceTree = "<group>"; };
		5B03F1AE2969E6D600AB1C7F /* AuthenticationChallengeSender.swift */ = {isa = PBXFileReference; lastKnownFileType = sourcecode.swift; name = AuthenticationChallengeSender.swift; path = ../../../../../AsInspector/ASInspector/ASInspector/NetworkInspector/Models/AuthenticationChallengeSender.swift; sourceTree = "<group>"; };
		5B03F1B02969E75C00AB1C7F /* NetworkManager.swift */ = {isa = PBXFileReference; lastKnownFileType = sourcecode.swift; name = NetworkManager.swift; path = ../../../../AsInspector/ASInspector/ASInspector/NetworkInspector/NetworkManager.swift; sourceTree = "<group>"; };
		5B03F1B22969F90A00AB1C7F /* ASInspector.swift */ = {isa = PBXFileReference; lastKnownFileType = sourcecode.swift; name = ASInspector.swift; path = ../../../AsInspector/ASInspector/ASInspector/ASInspector.swift; sourceTree = "<group>"; };
		5B03F1B52969F9C200AB1C7F /* UIManager.swift */ = {isa = PBXFileReference; lastKnownFileType = sourcecode.swift; name = UIManager.swift; path = ../../../../AsInspector/ASInspector/ASInspector/InspectorUI/UIManager.swift; sourceTree = "<group>"; };
		5B03F1B92969FA2300AB1C7F /* UIHelpers.swift */ = {isa = PBXFileReference; lastKnownFileType = sourcecode.swift; name = UIHelpers.swift; path = ../../../../../AsInspector/ASInspector/ASInspector/InspectorUI/Utilities/UIHelpers.swift; sourceTree = "<group>"; };
		5B03F1BB2969FA5400AB1C7F /* AppColors.swift */ = {isa = PBXFileReference; lastKnownFileType = sourcecode.swift; name = AppColors.swift; path = ../../../../../AsInspector/ASInspector/ASInspector/InspectorUI/Utilities/AppColors.swift; sourceTree = "<group>"; };
		5B03F1BD2969FAA800AB1C7F /* BaseWindow.swift */ = {isa = PBXFileReference; lastKnownFileType = sourcecode.swift; path = BaseWindow.swift; sourceTree = "<group>"; };
		5B03F1BF2969FB3600AB1C7F /* UIView+Helpers.swift */ = {isa = PBXFileReference; lastKnownFileType = sourcecode.swift; path = "UIView+Helpers.swift"; sourceTree = "<group>"; };
		5B03F1C12969FBC600AB1C7F /* UIEdgeInsets+Helpers.swift */ = {isa = PBXFileReference; lastKnownFileType = sourcecode.swift; path = "UIEdgeInsets+Helpers.swift"; sourceTree = "<group>"; };
		5B03F1C32969FC0100AB1C7F /* String+UIHelpers.swift */ = {isa = PBXFileReference; lastKnownFileType = sourcecode.swift; path = "String+UIHelpers.swift"; sourceTree = "<group>"; };
		5B03F1C62969FF4E00AB1C7F /* IconWindow.swift */ = {isa = PBXFileReference; lastKnownFileType = sourcecode.swift; name = IconWindow.swift; path = ../../../../../AsInspector/ASInspector/ASInspector/InspectorUI/Windows/IconWindow.swift; sourceTree = "<group>"; };
		5B03F1C8296A016500AB1C7F /* Assets.xcassets */ = {isa = PBXFileReference; lastKnownFileType = folder.assetcatalog; name = Assets.xcassets; path = ../../../../../AsInspector/ASInspector/ASInspector/InspectorUI/Utilities/Assets.xcassets; sourceTree = "<group>"; };
		5B03F1CA296A01D500AB1C7F /* AppImages.swift */ = {isa = PBXFileReference; lastKnownFileType = sourcecode.swift; name = AppImages.swift; path = ../../../../../AsInspector/ASInspector/ASInspector/InspectorUI/Utilities/AppImages.swift; sourceTree = "<group>"; };
		5B03F1CC296A067D00AB1C7F /* UIButton+Helpers.swift */ = {isa = PBXFileReference; lastKnownFileType = sourcecode.swift; path = "UIButton+Helpers.swift"; sourceTree = "<group>"; };
		5B03F1CF296A08F500AB1C7F /* UIBaseTabBarController.swift */ = {isa = PBXFileReference; lastKnownFileType = sourcecode.swift; path = UIBaseTabBarController.swift; sourceTree = "<group>"; };
		5B9CD38B296B4CD200346B4E /* Tabs.swift */ = {isa = PBXFileReference; lastKnownFileType = sourcecode.swift; path = Tabs.swift; sourceTree = "<group>"; };
		5B9CD38E296B541D00346B4E /* NetworkLogsViewController.swift */ = {isa = PBXFileReference; lastKnownFileType = sourcecode.swift; path = NetworkLogsViewController.swift; sourceTree = "<group>"; };
		5B9CD391296B544400346B4E /* BaseViewController.swift */ = {isa = PBXFileReference; lastKnownFileType = sourcecode.swift; path = BaseViewController.swift; sourceTree = "<group>"; };
		5BB693EE298C79580083BECA /* NetworkTableViewCell.swift */ = {isa = PBXFileReference; lastKnownFileType = sourcecode.swift; path = NetworkTableViewCell.swift; sourceTree = "<group>"; };
		5BB693EF298C79580083BECA /* NetworkTableViewCell.xib */ = {isa = PBXFileReference; lastKnownFileType = file.xib; path = NetworkTableViewCell.xib; sourceTree = "<group>"; };
		5BB693F2298C79700083BECA /* NetworkRepresentable.swift */ = {isa = PBXFileReference; lastKnownFileType = sourcecode.swift; path = NetworkRepresentable.swift; sourceTree = "<group>"; };
		5BB693F6298C7A670083BECA /* UITableView+Helpers.swift */ = {isa = PBXFileReference; lastKnownFileType = sourcecode.swift; path = "UITableView+Helpers.swift"; sourceTree = "<group>"; };
		5BB693F9298C7B6E0083BECA /* Array+Helpers.swift */ = {isa = PBXFileReference; lastKnownFileType = sourcecode.swift; path = "Array+Helpers.swift"; sourceTree = "<group>"; };
		5BB693FB298C7C490083BECA /* BaseTableViewCell.swift */ = {isa = PBXFileReference; lastKnownFileType = sourcecode.swift; path = BaseTableViewCell.swift; sourceTree = "<group>"; };
		5BB693FD298C7EBC0083BECA /* Int+Helpers.swift */ = {isa = PBXFileReference; lastKnownFileType = sourcecode.swift; path = "Int+Helpers.swift"; sourceTree = "<group>"; };
		5BB69401298C83790083BECA /* BaseRootViewController.swift */ = {isa = PBXFileReference; lastKnownFileType = sourcecode.swift; path = BaseRootViewController.swift; sourceTree = "<group>"; };
		5BB69403298C84EA0083BECA /* BaseHeaderView.swift */ = {isa = PBXFileReference; lastKnownFileType = sourcecode.swift; path = BaseHeaderView.swift; sourceTree = "<group>"; };
		5BB69405298C96FD0083BECA /* NetworkLogsViewController.xib */ = {isa = PBXFileReference; lastKnownFileType = file.xib; path = NetworkLogsViewController.xib; sourceTree = "<group>"; };
		5BB69407298C98130083BECA /* BaseNavigationController.swift */ = {isa = PBXFileReference; lastKnownFileType = sourcecode.swift; path = BaseNavigationController.swift; sourceTree = "<group>"; };
		5BB69409298C9D5D0083BECA /* Date+Helpers.swift */ = {isa = PBXFileReference; lastKnownFileType = sourcecode.swift; path = "Date+Helpers.swift"; sourceTree = "<group>"; };
		5BE6AF6229C52DCC008B5EB0 /* ConsoleLogsViewController.swift */ = {isa = PBXFileReference; lastKnownFileType = sourcecode.swift; path = ConsoleLogsViewController.swift; sourceTree = "<group>"; };
		5BE6AF6329C52DCC008B5EB0 /* ConsoleLogsViewController.xib */ = {isa = PBXFileReference; lastKnownFileType = file.xib; path = ConsoleLogsViewController.xib; sourceTree = "<group>"; };
		5BE6AF6829C52F02008B5EB0 /* ASInspector.xcdatamodel */ = {isa = PBXFileReference; lastKnownFileType = wrapper.xcdatamodel; path = ASInspector.xcdatamodel; sourceTree = "<group>"; };
		5BE6AF6C29C52F89008B5EB0 /* CoreDataManager.swift */ = {isa = PBXFileReference; lastKnownFileType = sourcecode.swift; path = CoreDataManager.swift; sourceTree = "<group>"; };
		5BE6AF6E29C53020008B5EB0 /* FileExtension.swift */ = {isa = PBXFileReference; lastKnownFileType = sourcecode.swift; path = FileExtension.swift; sourceTree = "<group>"; };
		5BE6AF7029C53080008B5EB0 /* Logger.swift */ = {isa = PBXFileReference; lastKnownFileType = sourcecode.swift; path = Logger.swift; sourceTree = "<group>"; };
		5BE6AF7329C5344A008B5EB0 /* LogData.swift */ = {isa = PBXFileReference; lastKnownFileType = sourcecode.swift; path = LogData.swift; sourceTree = "<group>"; };
		5BE6AF7529C5345B008B5EB0 /* LogLevel.swift */ = {isa = PBXFileReference; lastKnownFileType = sourcecode.swift; path = LogLevel.swift; sourceTree = "<group>"; };
		5BE6AF7729C534B0008B5EB0 /* LoggerManager.swift */ = {isa = PBXFileReference; lastKnownFileType = sourcecode.swift; path = LoggerManager.swift; sourceTree = "<group>"; };
		5BE6AF7A29C538C6008B5EB0 /* LogTableViewCell.swift */ = {isa = PBXFileReference; lastKnownFileType = sourcecode.swift; path = LogTableViewCell.swift; sourceTree = "<group>"; };
		5BE6AF7B29C538C6008B5EB0 /* LogTableViewCell.xib */ = {isa = PBXFileReference; lastKnownFileType = file.xib; path = LogTableViewCell.xib; sourceTree = "<group>"; };
/* End PBXFileReference section */

/* Begin PBXFrameworksBuildPhase section */
		5B03F11E2969DB5B00AB1C7F /* Frameworks */ = {
			isa = PBXFrameworksBuildPhase;
			buildActionMask = 2147483647;
			files = (
			);
			runOnlyForDeploymentPostprocessing = 0;
		};
		5B03F1262969DB5B00AB1C7F /* Frameworks */ = {
			isa = PBXFrameworksBuildPhase;
			buildActionMask = 2147483647;
			files = (
				5B03F12A2969DB5B00AB1C7F /* ASInspector.framework in Frameworks */,
			);
			runOnlyForDeploymentPostprocessing = 0;
		};
/* End PBXFrameworksBuildPhase section */

/* Begin PBXGroup section */
		5B03F1172969DB5B00AB1C7F = {
			isa = PBXGroup;
			children = (
				5B03F1232969DB5B00AB1C7F /* ASInspector */,
				5B03F12D2969DB5B00AB1C7F /* ASInspectorTests */,
				5B03F1222969DB5B00AB1C7F /* Products */,
			);
			indentWidth = 2;
			sourceTree = "<group>";
			tabWidth = 2;
		};
		5B03F1222969DB5B00AB1C7F /* Products */ = {
			isa = PBXGroup;
			children = (
				5B03F1212969DB5B00AB1C7F /* ASInspector.framework */,
				5B03F1292969DB5B00AB1C7F /* ASInspectorTests.xctest */,
			);
			name = Products;
			sourceTree = "<group>";
		};
		5B03F1232969DB5B00AB1C7F /* ASInspector */ = {
			isa = PBXGroup;
			children = (
				5B03F1B22969F90A00AB1C7F /* ASInspector.swift */,
				5BE6AF6629C52EC2008B5EB0 /* LogsInspector */,
				5B03F1872969DEC100AB1C7F /* NetworkInspector */,
				5B03F1862969DEAF00AB1C7F /* CoreInspector */,
				5B03F1B42969F98E00AB1C7F /* InspectorUI */,
				5B03F1242969DB5B00AB1C7F /* ASInspector.h */,
				5BE6AF6729C52F02008B5EB0 /* ASInspector.xcdatamodeld */,
			);
			path = ASInspector;
			sourceTree = "<group>";
		};
		5B03F12D2969DB5B00AB1C7F /* ASInspectorTests */ = {
			isa = PBXGroup;
			children = (
				5B03F12E2969DB5B00AB1C7F /* ASInspectorTests.swift */,
			);
			path = ASInspectorTests;
			sourceTree = "<group>";
		};
		5B03F1642969DC3A00AB1C7F /* Utilities */ = {
			isa = PBXGroup;
			children = (
				5B03F1812969DE1B00AB1C7F /* Constans */,
				5B03F1802969DE0400AB1C7F /* File Utilities */,
			);
			path = Utilities;
			sourceTree = "<group>";
		};
		5B03F1652969DC5000AB1C7F /* Extentions */ = {
			isa = PBXGroup;
			children = (
				5B03F17A2969DD8B00AB1C7F /* Data */,
				5B03F18F2969DF5200AB1C7F /* Bundle+Helpers.swift */,
				5B03F1902969DF5200AB1C7F /* DispatchQueue+Helpers.swift */,
				5B03F1912969DF5200AB1C7F /* NotificationName+Names.swift */,
			);
			path = Extentions;
			sourceTree = "<group>";
		};
		5B03F17A2969DD8B00AB1C7F /* Data */ = {
			isa = PBXGroup;
			children = (
				5B03F1722969DD1700AB1C7F /* Data+Helpers.swift */,
				5B03F1742969DD3100AB1C7F /* DataSize.swift */,
			);
			path = Data;
			sourceTree = "<group>";
		};
		5B03F17B2969DD9800AB1C7F /* URLRequest */ = {
			isa = PBXGroup;
			children = (
				5B03F1702969DCF500AB1C7F /* URLRequest+Helpers.swift */,
				5B03F1762969DD4F00AB1C7F /* NSMutableURLRequest+Helpers.swift */,
				5B03F1AA2969E62D00AB1C7F /* URLSessionConfiguration+Helpers.swift */,
			);
			path = URLRequest;
			sourceTree = "<group>";
		};
		5B03F1802969DE0400AB1C7F /* File Utilities */ = {
			isa = PBXGroup;
			children = (
				5B03F1662969DC7200AB1C7F /* MIMEChecker.swift */,
				5B03F1682969DC9700AB1C7F /* FileMeta.swift */,
				5B03F16E2969DCD400AB1C7F /* GzipError.swift */,
				5B03F16A2969DCAA00AB1C7F /* ContentType.swift */,
			);
			path = "File Utilities";
			sourceTree = "<group>";
		};
		5B03F1812969DE1B00AB1C7F /* Constans */ = {
			isa = PBXGroup;
			children = (
				5B03F1952969DF7D00AB1C7F /* Constants.swift */,
			);
			path = Constans;
			sourceTree = "<group>";
		};
		5B03F1862969DEAF00AB1C7F /* CoreInspector */ = {
			isa = PBXGroup;
			children = (
				5B03F1992969E05400AB1C7F /* Managers */,
				5B03F1652969DC5000AB1C7F /* Extentions */,
				5B03F1642969DC3A00AB1C7F /* Utilities */,
			);
			path = CoreInspector;
			sourceTree = "<group>";
		};
		5B03F1872969DEC100AB1C7F /* NetworkInspector */ = {
			isa = PBXGroup;
			children = (
				5B03F18E2969DF2D00AB1C7F /* Extentions */,
				5B03F1882969DED700AB1C7F /* Utilities */,
				5B03F1A32969E25000AB1C7F /* Models */,
				5B03F1A82969E5F600AB1C7F /* NetworkInterceptor.swift */,
				5B03F1B02969E75C00AB1C7F /* NetworkManager.swift */,
			);
			path = NetworkInspector;
			sourceTree = "<group>";
		};
		5B03F1882969DED700AB1C7F /* Utilities */ = {
			isa = PBXGroup;
			children = (
				5B03F18B2969DEF400AB1C7F /* Constans */,
				5B03F18C2969DF2100AB1C7F /* SessionState.swift */,
				5B03F1972969E02300AB1C7F /* AppUtilities.swift */,
			);
			path = Utilities;
			sourceTree = "<group>";
		};
		5B03F18B2969DEF400AB1C7F /* Constans */ = {
			isa = PBXGroup;
			children = (
				5B03F1892969DEEA00AB1C7F /* NetworkConstants.swift */,
			);
			path = Constans;
			sourceTree = "<group>";
		};
		5B03F18E2969DF2D00AB1C7F /* Extentions */ = {
			isa = PBXGroup;
			children = (
				5B03F17B2969DD9800AB1C7F /* URLRequest */,
			);
			path = Extentions;
			sourceTree = "<group>";
		};
		5B03F1992969E05400AB1C7F /* Managers */ = {
			isa = PBXGroup;
			children = (
				5BE6AF6B29C52F80008B5EB0 /* CoreData */,
				5B03F19C2969E09700AB1C7F /* FileServices */,
			);
			path = Managers;
			sourceTree = "<group>";
		};
		5B03F19C2969E09700AB1C7F /* FileServices */ = {
			isa = PBXGroup;
			children = (
				5B03F19A2969E05D00AB1C7F /* FileService.swift */,
				5B03F19F2969E0FE00AB1C7F /* FileServiceContract.swift */,
				5B03F19D2969E0C500AB1C7F /* LoggerProtocol.swift */,
				5BE6AF6E29C53020008B5EB0 /* FileExtension.swift */,
			);
			path = FileServices;
			sourceTree = "<group>";
		};
		5B03F1A32969E25000AB1C7F /* Models */ = {
			isa = PBXGroup;
			children = (
				5B03F1A42969E26200AB1C7F /* NetworkLogData.swift */,
				5B03F1A62969E46000AB1C7F /* UINetworkLogData.swift */,
				5B03F1AC2969E6A100AB1C7F /* ASURLProtocol.swift */,
				5B03F1AE2969E6D600AB1C7F /* AuthenticationChallengeSender.swift */,
			);
			path = Models;
			sourceTree = "<group>";
		};
		5B03F1B42969F98E00AB1C7F /* InspectorUI */ = {
			isa = PBXGroup;
			children = (
				5B9CD390296B543A00346B4E /* Bases */,
				5B03F1CE296A08B800AB1C7F /* Views */,
				5B03F1C52969FDE600AB1C7F /* Windows */,
				5B03F1B82969FA0700AB1C7F /* Extentions */,
				5B03F1B72969F9F700AB1C7F /* Utilities */,
				5B03F1B52969F9C200AB1C7F /* UIManager.swift */,
			);
			path = InspectorUI;
			sourceTree = "<group>";
		};
		5B03F1B72969F9F700AB1C7F /* Utilities */ = {
			isa = PBXGroup;
			children = (
				5B03F1B92969FA2300AB1C7F /* UIHelpers.swift */,
				5B03F1BB2969FA5400AB1C7F /* AppColors.swift */,
				5B03F1CA296A01D500AB1C7F /* AppImages.swift */,
				5B03F1C8296A016500AB1C7F /* Assets.xcassets */,
			);
			path = Utilities;
			sourceTree = "<group>";
		};
		5B03F1B82969FA0700AB1C7F /* Extentions */ = {
			isa = PBXGroup;
			children = (
				5BB693F8298C7B590083BECA /* Core */,
				5BB693F4298C7A430083BECA /* UIView */,
			);
			path = Extentions;
			sourceTree = "<group>";
		};
		5B03F1C52969FDE600AB1C7F /* Windows */ = {
			isa = PBXGroup;
			children = (
				5B03F1BD2969FAA800AB1C7F /* BaseWindow.swift */,
				5B03F1C62969FF4E00AB1C7F /* IconWindow.swift */,
			);
			path = Windows;
			sourceTree = "<group>";
		};
		5B03F1CE296A08B800AB1C7F /* Views */ = {
			isa = PBXGroup;
			children = (
				5BE6AF6029C52D7F008B5EB0 /* ConsoleLogsViewController */,
				5BE6AF6129C52DA7008B5EB0 /* Networking */,
				5B9CD38A296B4C8600346B4E /* TabBarController */,
			);
			path = Views;
			sourceTree = "<group>";
		};
		5B9CD38A296B4C8600346B4E /* TabBarController */ = {
			isa = PBXGroup;
			children = (
				5B03F1CF296A08F500AB1C7F /* UIBaseTabBarController.swift */,
				5B9CD38B296B4CD200346B4E /* Tabs.swift */,
			);
			path = TabBarController;
			sourceTree = "<group>";
		};
		5B9CD38D296B53EA00346B4E /* NetworkLogsViewController */ = {
			isa = PBXGroup;
			children = (
				5B9CD38E296B541D00346B4E /* NetworkLogsViewController.swift */,
				5BB69405298C96FD0083BECA /* NetworkLogsViewController.xib */,
			);
			path = NetworkLogsViewController;
			sourceTree = "<group>";
		};
		5B9CD390296B543A00346B4E /* Bases */ = {
			isa = PBXGroup;
			children = (
				5B9CD391296B544400346B4E /* BaseViewController.swift */,
				5BB69401298C83790083BECA /* BaseRootViewController.swift */,
				5BB693FB298C7C490083BECA /* BaseTableViewCell.swift */,
				5BB69403298C84EA0083BECA /* BaseHeaderView.swift */,
				5BB69407298C98130083BECA /* BaseNavigationController.swift */,
			);
			path = Bases;
			sourceTree = "<group>";
		};
		5BB693E8298C549D0083BECA /* Network Cell */ = {
			isa = PBXGroup;
			children = (
				5BB693F2298C79700083BECA /* NetworkRepresentable.swift */,
				5BB693EE298C79580083BECA /* NetworkTableViewCell.swift */,
				5BB693EF298C79580083BECA /* NetworkTableViewCell.xib */,
			);
			path = "Network Cell";
			sourceTree = "<group>";
		};
		5BB693F4298C7A430083BECA /* UIView */ = {
			isa = PBXGroup;
			children = (
				5B03F1C12969FBC600AB1C7F /* UIEdgeInsets+Helpers.swift */,
				5BB693F5298C7A510083BECA /* UITableView */,
				5B03F1BF2969FB3600AB1C7F /* UIView+Helpers.swift */,
				5B03F1CC296A067D00AB1C7F /* UIButton+Helpers.swift */,
			);
			path = UIView;
			sourceTree = "<group>";
		};
		5BB693F5298C7A510083BECA /* UITableView */ = {
			isa = PBXGroup;
			children = (
				5BB693F6298C7A670083BECA /* UITableView+Helpers.swift */,
			);
			path = UITableView;
			sourceTree = "<group>";
		};
		5BB693F8298C7B590083BECA /* Core */ = {
			isa = PBXGroup;
			children = (
				5B03F1C32969FC0100AB1C7F /* String+UIHelpers.swift */,
				5BB693F9298C7B6E0083BECA /* Array+Helpers.swift */,
				5BB693FD298C7EBC0083BECA /* Int+Helpers.swift */,
				5BB69409298C9D5D0083BECA /* Date+Helpers.swift */,
			);
			path = Core;
			sourceTree = "<group>";
		};
		5BE6AF6029C52D7F008B5EB0 /* ConsoleLogsViewController */ = {
			isa = PBXGroup;
			children = (
				5BE6AF7929C538AB008B5EB0 /* LogsCell */,
				5BE6AF6229C52DCC008B5EB0 /* ConsoleLogsViewController.swift */,
				5BE6AF6329C52DCC008B5EB0 /* ConsoleLogsViewController.xib */,
			);
			path = ConsoleLogsViewController;
			sourceTree = "<group>";
		};
		5BE6AF6129C52DA7008B5EB0 /* Networking */ = {
			isa = PBXGroup;
			children = (
				5BB693E8298C549D0083BECA /* Network Cell */,
				5B9CD38D296B53EA00346B4E /* NetworkLogsViewController */,
			);
			path = Networking;
			sourceTree = "<group>";
		};
		5BE6AF6629C52EC2008B5EB0 /* LogsInspector */ = {
			isa = PBXGroup;
			children = (
				5BE6AF7229C5343F008B5EB0 /* Models */,
				5BE6AF7729C534B0008B5EB0 /* LoggerManager.swift */,
			);
			path = LogsInspector;
			sourceTree = "<group>";
		};
		5BE6AF6B29C52F80008B5EB0 /* CoreData */ = {
			isa = PBXGroup;
			children = (
				5BE6AF6C29C52F89008B5EB0 /* CoreDataManager.swift */,
			);
			path = CoreData;
			sourceTree = "<group>";
		};
		5BE6AF7229C5343F008B5EB0 /* Models */ = {
			isa = PBXGroup;
			children = (
				5BE6AF7029C53080008B5EB0 /* Logger.swift */,
				5BE6AF7329C5344A008B5EB0 /* LogData.swift */,
				5BE6AF7529C5345B008B5EB0 /* LogLevel.swift */,
			);
			path = Models;
			sourceTree = "<group>";
		};
		5BE6AF7929C538AB008B5EB0 /* LogsCell */ = {
			isa = PBXGroup;
			children = (
				5BE6AF7A29C538C6008B5EB0 /* LogTableViewCell.swift */,
				5BE6AF7B29C538C6008B5EB0 /* LogTableViewCell.xib */,
			);
			path = LogsCell;
			sourceTree = "<group>";
		};
/* End PBXGroup section */

/* Begin PBXHeadersBuildPhase section */
		5B03F11C2969DB5B00AB1C7F /* Headers */ = {
			isa = PBXHeadersBuildPhase;
			buildActionMask = 2147483647;
			files = (
				5B03F1302969DB5B00AB1C7F /* ASInspector.h in Headers */,
			);
			runOnlyForDeploymentPostprocessing = 0;
		};
/* End PBXHeadersBuildPhase section */

/* Begin PBXNativeTarget section */
		5B03F1202969DB5B00AB1C7F /* ASInspector */ = {
			isa = PBXNativeTarget;
			buildConfigurationList = 5B03F1332969DB5B00AB1C7F /* Build configuration list for PBXNativeTarget "ASInspector" */;
			buildPhases = (
				5B03F11C2969DB5B00AB1C7F /* Headers */,
				5B03F11D2969DB5B00AB1C7F /* Sources */,
				5B03F11E2969DB5B00AB1C7F /* Frameworks */,
				5B03F11F2969DB5B00AB1C7F /* Resources */,
			);
			buildRules = (
			);
			dependencies = (
			);
			name = ASInspector;
			productName = ASInspector;
			productReference = 5B03F1212969DB5B00AB1C7F /* ASInspector.framework */;
			productType = "com.apple.product-type.framework";
		};
		5B03F1282969DB5B00AB1C7F /* ASInspectorTests */ = {
			isa = PBXNativeTarget;
			buildConfigurationList = 5B03F1362969DB5B00AB1C7F /* Build configuration list for PBXNativeTarget "ASInspectorTests" */;
			buildPhases = (
				5B03F1252969DB5B00AB1C7F /* Sources */,
				5B03F1262969DB5B00AB1C7F /* Frameworks */,
				5B03F1272969DB5B00AB1C7F /* Resources */,
			);
			buildRules = (
			);
			dependencies = (
				5B03F12C2969DB5B00AB1C7F /* PBXTargetDependency */,
			);
			name = ASInspectorTests;
			productName = ASInspectorTests;
			productReference = 5B03F1292969DB5B00AB1C7F /* ASInspectorTests.xctest */;
			productType = "com.apple.product-type.bundle.unit-test";
		};
/* End PBXNativeTarget section */

/* Begin PBXProject section */
		5B03F1182969DB5B00AB1C7F /* Project object */ = {
			isa = PBXProject;
			attributes = {
				BuildIndependentTargetsInParallel = 1;
				LastSwiftUpdateCheck = 1410;
				LastUpgradeCheck = 1410;
				ORGANIZATIONNAME = Inspector;
				TargetAttributes = {
					5B03F1202969DB5B00AB1C7F = {
						CreatedOnToolsVersion = 14.1;
						LastSwiftMigration = 1410;
					};
					5B03F1282969DB5B00AB1C7F = {
						CreatedOnToolsVersion = 14.1;
					};
				};
			};
			buildConfigurationList = 5B03F11B2969DB5B00AB1C7F /* Build configuration list for PBXProject "ASInspector" */;
			compatibilityVersion = "Xcode 14.0";
			developmentRegion = en;
			hasScannedForEncodings = 0;
			knownRegions = (
				en,
				Base,
			);
			mainGroup = 5B03F1172969DB5B00AB1C7F;
			productRefGroup = 5B03F1222969DB5B00AB1C7F /* Products */;
			projectDirPath = "";
			projectRoot = "";
			targets = (
				5B03F1202969DB5B00AB1C7F /* ASInspector */,
				5B03F1282969DB5B00AB1C7F /* ASInspectorTests */,
			);
		};
/* End PBXProject section */

/* Begin PBXResourcesBuildPhase section */
		5B03F11F2969DB5B00AB1C7F /* Resources */ = {
			isa = PBXResourcesBuildPhase;
			buildActionMask = 2147483647;
			files = (
				5BB693F1298C79580083BECA /* NetworkTableViewCell.xib in Resources */,
				5BE6AF7D29C538C6008B5EB0 /* LogTableViewCell.xib in Resources */,
				5BE6AF6529C52DCC008B5EB0 /* ConsoleLogsViewController.xib in Resources */,
				5B03F1C9296A016600AB1C7F /* Assets.xcassets in Resources */,
				5BB69406298C96FD0083BECA /* NetworkLogsViewController.xib in Resources */,
			);
			runOnlyForDeploymentPostprocessing = 0;
		};
		5B03F1272969DB5B00AB1C7F /* Resources */ = {
			isa = PBXResourcesBuildPhase;
			buildActionMask = 2147483647;
			files = (
			);
			runOnlyForDeploymentPostprocessing = 0;
		};
/* End PBXResourcesBuildPhase section */

/* Begin PBXSourcesBuildPhase section */
		5B03F11D2969DB5B00AB1C7F /* Sources */ = {
			isa = PBXSourcesBuildPhase;
			buildActionMask = 2147483647;
			files = (
				5BE6AF6D29C52F89008B5EB0 /* CoreDataManager.swift in Sources */,
				5B03F1942969DF5200AB1C7F /* NotificationName+Names.swift in Sources */,
				5B03F1D0296A08F500AB1C7F /* UIBaseTabBarController.swift in Sources */,
				5B03F18A2969DEEA00AB1C7F /* NetworkConstants.swift in Sources */,
				5B03F1C72969FF4E00AB1C7F /* IconWindow.swift in Sources */,
				5B03F1692969DC9700AB1C7F /* FileMeta.swift in Sources */,
				5B9CD392296B544400346B4E /* BaseViewController.swift in Sources */,
				5B9CD38C296B4CD200346B4E /* Tabs.swift in Sources */,
				5B03F1AD2969E6A100AB1C7F /* ASURLProtocol.swift in Sources */,
				5B03F18D2969DF2100AB1C7F /* SessionState.swift in Sources */,
				5BE6AF7C29C538C6008B5EB0 /* LogTableViewCell.swift in Sources */,
				5BB693F0298C79580083BECA /* NetworkTableViewCell.swift in Sources */,
				5BB69402298C83790083BECA /* BaseRootViewController.swift in Sources */,
				5B03F1712969DCF500AB1C7F /* URLRequest+Helpers.swift in Sources */,
				5B03F1A72969E46000AB1C7F /* UINetworkLogData.swift in Sources */,
				5BB693F7298C7A670083BECA /* UITableView+Helpers.swift in Sources */,
				5BB69404298C84EA0083BECA /* BaseHeaderView.swift in Sources */,
				5BE6AF7629C5345B008B5EB0 /* LogLevel.swift in Sources */,
				5BB693FC298C7C490083BECA /* BaseTableViewCell.swift in Sources */,
				5B03F1BA2969FA2300AB1C7F /* UIHelpers.swift in Sources */,
				5BB693F3298C79700083BECA /* NetworkRepresentable.swift in Sources */,
				5BB693FA298C7B6E0083BECA /* Array+Helpers.swift in Sources */,
				5B03F1962969DF7D00AB1C7F /* Constants.swift in Sources */,
				5B03F1BE2969FAA800AB1C7F /* BaseWindow.swift in Sources */,
				5B03F1A52969E26200AB1C7F /* NetworkLogData.swift in Sources */,
				5B03F1B32969F90A00AB1C7F /* ASInspector.swift in Sources */,
				5BB693FE298C7EBC0083BECA /* Int+Helpers.swift in Sources */,
				5B03F1CD296A067D00AB1C7F /* UIButton+Helpers.swift in Sources */,
				5B03F1672969DC7200AB1C7F /* MIMEChecker.swift in Sources */,
				5B03F1C02969FB3600AB1C7F /* UIView+Helpers.swift in Sources */,
				5BE6AF7829C534B0008B5EB0 /* LoggerManager.swift in Sources */,
				5BE6AF7429C5344A008B5EB0 /* LogData.swift in Sources */,
				5B03F1B62969F9C200AB1C7F /* UIManager.swift in Sources */,
				5BE6AF6429C52DCC008B5EB0 /* ConsoleLogsViewController.swift in Sources */,
				5B03F1AF2969E6D600AB1C7F /* AuthenticationChallengeSender.swift in Sources */,
				5B9CD38F296B541D00346B4E /* NetworkLogsViewController.swift in Sources */,
				5B03F1A02969E0FE00AB1C7F /* FileServiceContract.swift in Sources */,
				5BB6940A298C9D5D0083BECA /* Date+Helpers.swift in Sources */,
				5B03F19E2969E0C500AB1C7F /* LoggerProtocol.swift in Sources */,
				5B03F1A92969E5F600AB1C7F /* NetworkInterceptor.swift in Sources */,
				5B03F1BC2969FA5400AB1C7F /* AppColors.swift in Sources */,
				5B03F19B2969E05D00AB1C7F /* FileService.swift in Sources */,
				5B03F1AB2969E62D00AB1C7F /* URLSessionConfiguration+Helpers.swift in Sources */,
				5B03F1CB296A01D500AB1C7F /* AppImages.swift in Sources */,
				5BE6AF6929C52F02008B5EB0 /* ASInspector.xcdatamodeld in Sources */,
				5B03F1982969E02300AB1C7F /* AppUtilities.swift in Sources */,
				5B03F1C42969FC0100AB1C7F /* String+UIHelpers.swift in Sources */,
				5B03F16B2969DCAA00AB1C7F /* ContentType.swift in Sources */,
				5BB69408298C98130083BECA /* BaseNavigationController.swift in Sources */,
				5BE6AF7129C53080008B5EB0 /* Logger.swift in Sources */,
				5BE6AF6F29C53020008B5EB0 /* FileExtension.swift in Sources */,
				5B03F1732969DD1700AB1C7F /* Data+Helpers.swift in Sources */,
				5B03F1922969DF5200AB1C7F /* Bundle+Helpers.swift in Sources */,
				5B03F1752969DD3100AB1C7F /* DataSize.swift in Sources */,
				5B03F16F2969DCD400AB1C7F /* GzipError.swift in Sources */,
				5B03F1C22969FBC600AB1C7F /* UIEdgeInsets+Helpers.swift in Sources */,
				5B03F1B12969E75C00AB1C7F /* NetworkManager.swift in Sources */,
				5B03F1772969DD4F00AB1C7F /* NSMutableURLRequest+Helpers.swift in Sources */,
				5B03F1932969DF5200AB1C7F /* DispatchQueue+Helpers.swift in Sources */,
			);
			runOnlyForDeploymentPostprocessing = 0;
		};
		5B03F1252969DB5B00AB1C7F /* Sources */ = {
			isa = PBXSourcesBuildPhase;
			buildActionMask = 2147483647;
			files = (
				5B03F12F2969DB5B00AB1C7F /* ASInspectorTests.swift in Sources */,
			);
			runOnlyForDeploymentPostprocessing = 0;
		};
/* End PBXSourcesBuildPhase section */

/* Begin PBXTargetDependency section */
		5B03F12C2969DB5B00AB1C7F /* PBXTargetDependency */ = {
			isa = PBXTargetDependency;
			target = 5B03F1202969DB5B00AB1C7F /* ASInspector */;
			targetProxy = 5B03F12B2969DB5B00AB1C7F /* PBXContainerItemProxy */;
		};
/* End PBXTargetDependency section */

/* Begin XCBuildConfiguration section */
		5B03F1312969DB5B00AB1C7F /* Debug */ = {
			isa = XCBuildConfiguration;
			buildSettings = {
				ALWAYS_SEARCH_USER_PATHS = NO;
				CLANG_ANALYZER_NONNULL = YES;
				CLANG_ANALYZER_NUMBER_OBJECT_CONVERSION = YES_AGGRESSIVE;
				CLANG_CXX_LANGUAGE_STANDARD = "gnu++20";
				CLANG_ENABLE_MODULES = YES;
				CLANG_ENABLE_OBJC_ARC = YES;
				CLANG_ENABLE_OBJC_WEAK = YES;
				CLANG_WARN_BLOCK_CAPTURE_AUTORELEASING = YES;
				CLANG_WARN_BOOL_CONVERSION = YES;
				CLANG_WARN_COMMA = YES;
				CLANG_WARN_CONSTANT_CONVERSION = YES;
				CLANG_WARN_DEPRECATED_OBJC_IMPLEMENTATIONS = YES;
				CLANG_WARN_DIRECT_OBJC_ISA_USAGE = YES_ERROR;
				CLANG_WARN_DOCUMENTATION_COMMENTS = YES;
				CLANG_WARN_EMPTY_BODY = YES;
				CLANG_WARN_ENUM_CONVERSION = YES;
				CLANG_WARN_INFINITE_RECURSION = YES;
				CLANG_WARN_INT_CONVERSION = YES;
				CLANG_WARN_NON_LITERAL_NULL_CONVERSION = YES;
				CLANG_WARN_OBJC_IMPLICIT_RETAIN_SELF = YES;
				CLANG_WARN_OBJC_LITERAL_CONVERSION = YES;
				CLANG_WARN_OBJC_ROOT_CLASS = YES_ERROR;
				CLANG_WARN_QUOTED_INCLUDE_IN_FRAMEWORK_HEADER = YES;
				CLANG_WARN_RANGE_LOOP_ANALYSIS = YES;
				CLANG_WARN_STRICT_PROTOTYPES = YES;
				CLANG_WARN_SUSPICIOUS_MOVE = YES;
				CLANG_WARN_UNGUARDED_AVAILABILITY = YES_AGGRESSIVE;
				CLANG_WARN_UNREACHABLE_CODE = YES;
				CLANG_WARN__DUPLICATE_METHOD_MATCH = YES;
				COPY_PHASE_STRIP = NO;
				CURRENT_PROJECT_VERSION = 1;
				DEBUG_INFORMATION_FORMAT = dwarf;
				ENABLE_STRICT_OBJC_MSGSEND = YES;
				ENABLE_TESTABILITY = YES;
				GCC_C_LANGUAGE_STANDARD = gnu11;
				GCC_DYNAMIC_NO_PIC = NO;
				GCC_NO_COMMON_BLOCKS = YES;
				GCC_OPTIMIZATION_LEVEL = 0;
				GCC_PREPROCESSOR_DEFINITIONS = (
					"DEBUG=1",
					"$(inherited)",
				);
				GCC_WARN_64_TO_32_BIT_CONVERSION = YES;
				GCC_WARN_ABOUT_RETURN_TYPE = YES_ERROR;
				GCC_WARN_UNDECLARED_SELECTOR = YES;
				GCC_WARN_UNINITIALIZED_AUTOS = YES_AGGRESSIVE;
				GCC_WARN_UNUSED_FUNCTION = YES;
				GCC_WARN_UNUSED_VARIABLE = YES;
				IPHONEOS_DEPLOYMENT_TARGET = 16.1;
				MTL_ENABLE_DEBUG_INFO = INCLUDE_SOURCE;
				MTL_FAST_MATH = YES;
				ONLY_ACTIVE_ARCH = YES;
				SDKROOT = iphoneos;
				SWIFT_ACTIVE_COMPILATION_CONDITIONS = DEBUG;
				SWIFT_OPTIMIZATION_LEVEL = "-Onone";
				VERSIONING_SYSTEM = "apple-generic";
				VERSION_INFO_PREFIX = "";
			};
			name = Debug;
		};
		5B03F1322969DB5B00AB1C7F /* Release */ = {
			isa = XCBuildConfiguration;
			buildSettings = {
				ALWAYS_SEARCH_USER_PATHS = NO;
				CLANG_ANALYZER_NONNULL = YES;
				CLANG_ANALYZER_NUMBER_OBJECT_CONVERSION = YES_AGGRESSIVE;
				CLANG_CXX_LANGUAGE_STANDARD = "gnu++20";
				CLANG_ENABLE_MODULES = YES;
				CLANG_ENABLE_OBJC_ARC = YES;
				CLANG_ENABLE_OBJC_WEAK = YES;
				CLANG_WARN_BLOCK_CAPTURE_AUTORELEASING = YES;
				CLANG_WARN_BOOL_CONVERSION = YES;
				CLANG_WARN_COMMA = YES;
				CLANG_WARN_CONSTANT_CONVERSION = YES;
				CLANG_WARN_DEPRECATED_OBJC_IMPLEMENTATIONS = YES;
				CLANG_WARN_DIRECT_OBJC_ISA_USAGE = YES_ERROR;
				CLANG_WARN_DOCUMENTATION_COMMENTS = YES;
				CLANG_WARN_EMPTY_BODY = YES;
				CLANG_WARN_ENUM_CONVERSION = YES;
				CLANG_WARN_INFINITE_RECURSION = YES;
				CLANG_WARN_INT_CONVERSION = YES;
				CLANG_WARN_NON_LITERAL_NULL_CONVERSION = YES;
				CLANG_WARN_OBJC_IMPLICIT_RETAIN_SELF = YES;
				CLANG_WARN_OBJC_LITERAL_CONVERSION = YES;
				CLANG_WARN_OBJC_ROOT_CLASS = YES_ERROR;
				CLANG_WARN_QUOTED_INCLUDE_IN_FRAMEWORK_HEADER = YES;
				CLANG_WARN_RANGE_LOOP_ANALYSIS = YES;
				CLANG_WARN_STRICT_PROTOTYPES = YES;
				CLANG_WARN_SUSPICIOUS_MOVE = YES;
				CLANG_WARN_UNGUARDED_AVAILABILITY = YES_AGGRESSIVE;
				CLANG_WARN_UNREACHABLE_CODE = YES;
				CLANG_WARN__DUPLICATE_METHOD_MATCH = YES;
				COPY_PHASE_STRIP = NO;
				CURRENT_PROJECT_VERSION = 1;
				DEBUG_INFORMATION_FORMAT = "dwarf-with-dsym";
				ENABLE_NS_ASSERTIONS = NO;
				ENABLE_STRICT_OBJC_MSGSEND = YES;
				GCC_C_LANGUAGE_STANDARD = gnu11;
				GCC_NO_COMMON_BLOCKS = YES;
				GCC_WARN_64_TO_32_BIT_CONVERSION = YES;
				GCC_WARN_ABOUT_RETURN_TYPE = YES_ERROR;
				GCC_WARN_UNDECLARED_SELECTOR = YES;
				GCC_WARN_UNINITIALIZED_AUTOS = YES_AGGRESSIVE;
				GCC_WARN_UNUSED_FUNCTION = YES;
				GCC_WARN_UNUSED_VARIABLE = YES;
				IPHONEOS_DEPLOYMENT_TARGET = 16.1;
				MTL_ENABLE_DEBUG_INFO = NO;
				MTL_FAST_MATH = YES;
				SDKROOT = iphoneos;
				SWIFT_COMPILATION_MODE = wholemodule;
				SWIFT_OPTIMIZATION_LEVEL = "-O";
				VALIDATE_PRODUCT = YES;
				VERSIONING_SYSTEM = "apple-generic";
				VERSION_INFO_PREFIX = "";
			};
			name = Release;
		};
		5B03F1342969DB5B00AB1C7F /* Debug */ = {
			isa = XCBuildConfiguration;
			buildSettings = {
				CLANG_ENABLE_MODULES = YES;
				CODE_SIGN_STYLE = Automatic;
				CURRENT_PROJECT_VERSION = 1;
				DEFINES_MODULE = YES;
				DYLIB_COMPATIBILITY_VERSION = 1;
				DYLIB_CURRENT_VERSION = 1;
				DYLIB_INSTALL_NAME_BASE = "@rpath";
				GENERATE_INFOPLIST_FILE = YES;
				INFOPLIST_KEY_NSHumanReadableCopyright = "";
				INSTALL_PATH = "$(LOCAL_LIBRARY_DIR)/Frameworks";
				LD_RUNPATH_SEARCH_PATHS = (
					"$(inherited)",
					"@executable_path/Frameworks",
					"@loader_path/Frameworks",
				);
				MARKETING_VERSION = 1.0;
				PRODUCT_BUNDLE_IDENTIFIER = com.ASInspector;
				PRODUCT_NAME = "$(TARGET_NAME:c99extidentifier)";
				SKIP_INSTALL = YES;
				SWIFT_EMIT_LOC_STRINGS = YES;
				SWIFT_OPTIMIZATION_LEVEL = "-Onone";
				SWIFT_VERSION = 5.0;
				TARGETED_DEVICE_FAMILY = "1,2";
			};
			name = Debug;
		};
		5B03F1352969DB5B00AB1C7F /* Release */ = {
			isa = XCBuildConfiguration;
			buildSettings = {
				CLANG_ENABLE_MODULES = YES;
				CODE_SIGN_STYLE = Automatic;
				CURRENT_PROJECT_VERSION = 1;
				DEFINES_MODULE = YES;
				DYLIB_COMPATIBILITY_VERSION = 1;
				DYLIB_CURRENT_VERSION = 1;
				DYLIB_INSTALL_NAME_BASE = "@rpath";
				GENERATE_INFOPLIST_FILE = YES;
				INFOPLIST_KEY_NSHumanReadableCopyright = "";
				INSTALL_PATH = "$(LOCAL_LIBRARY_DIR)/Frameworks";
				LD_RUNPATH_SEARCH_PATHS = (
					"$(inherited)",
					"@executable_path/Frameworks",
					"@loader_path/Frameworks",
				);
				MARKETING_VERSION = 1.0;
				PRODUCT_BUNDLE_IDENTIFIER = com.ASInspector;
				PRODUCT_NAME = "$(TARGET_NAME:c99extidentifier)";
				SKIP_INSTALL = YES;
				SWIFT_EMIT_LOC_STRINGS = YES;
				SWIFT_VERSION = 5.0;
				TARGETED_DEVICE_FAMILY = "1,2";
			};
			name = Release;
		};
		5B03F1372969DB5B00AB1C7F /* Debug */ = {
			isa = XCBuildConfiguration;
			buildSettings = {
				ALWAYS_EMBED_SWIFT_STANDARD_LIBRARIES = YES;
				CODE_SIGN_STYLE = Automatic;
				CURRENT_PROJECT_VERSION = 1;
				GENERATE_INFOPLIST_FILE = YES;
				MARKETING_VERSION = 1.0;
				PRODUCT_BUNDLE_IDENTIFIER = com.ASInspectorTests;
				PRODUCT_NAME = "$(TARGET_NAME)";
				SWIFT_EMIT_LOC_STRINGS = NO;
				SWIFT_VERSION = 5.0;
				TARGETED_DEVICE_FAMILY = "1,2";
			};
			name = Debug;
		};
		5B03F1382969DB5B00AB1C7F /* Release */ = {
			isa = XCBuildConfiguration;
			buildSettings = {
				ALWAYS_EMBED_SWIFT_STANDARD_LIBRARIES = YES;
				CODE_SIGN_STYLE = Automatic;
				CURRENT_PROJECT_VERSION = 1;
				GENERATE_INFOPLIST_FILE = YES;
				MARKETING_VERSION = 1.0;
				PRODUCT_BUNDLE_IDENTIFIER = com.ASInspectorTests;
				PRODUCT_NAME = "$(TARGET_NAME)";
				SWIFT_EMIT_LOC_STRINGS = NO;
				SWIFT_VERSION = 5.0;
				TARGETED_DEVICE_FAMILY = "1,2";
			};
			name = Release;
		};
/* End XCBuildConfiguration section */

/* Begin XCConfigurationList section */
		5B03F11B2969DB5B00AB1C7F /* Build configuration list for PBXProject "ASInspector" */ = {
			isa = XCConfigurationList;
			buildConfigurations = (
				5B03F1312969DB5B00AB1C7F /* Debug */,
				5B03F1322969DB5B00AB1C7F /* Release */,
			);
			defaultConfigurationIsVisible = 0;
			defaultConfigurationName = Release;
		};
		5B03F1332969DB5B00AB1C7F /* Build configuration list for PBXNativeTarget "ASInspector" */ = {
			isa = XCConfigurationList;
			buildConfigurations = (
				5B03F1342969DB5B00AB1C7F /* Debug */,
				5B03F1352969DB5B00AB1C7F /* Release */,
			);
			defaultConfigurationIsVisible = 0;
			defaultConfigurationName = Release;
		};
		5B03F1362969DB5B00AB1C7F /* Build configuration list for PBXNativeTarget "ASInspectorTests" */ = {
			isa = XCConfigurationList;
			buildConfigurations = (
				5B03F1372969DB5B00AB1C7F /* Debug */,
				5B03F1382969DB5B00AB1C7F /* Release */,
			);
			defaultConfigurationIsVisible = 0;
			defaultConfigurationName = Release;
		};
/* End XCConfigurationList section */

/* Begin XCVersionGroup section */
		5BE6AF6729C52F02008B5EB0 /* ASInspector.xcdatamodeld */ = {
			isa = XCVersionGroup;
			children = (
				5BE6AF6829C52F02008B5EB0 /* ASInspector.xcdatamodel */,
			);
			currentVersion = 5BE6AF6829C52F02008B5EB0 /* ASInspector.xcdatamodel */;
			path = ASInspector.xcdatamodeld;
			sourceTree = "<group>";
			versionGroupType = wrapper.xcdatamodel;
		};
/* End XCVersionGroup section */
	};
	rootObject = 5B03F1182969DB5B00AB1C7F /* Project object */;
}
