// !$*UTF8*$!
{
	archiveVersion = 1;
	classes = {
	};
	objectVersion = 56;
	objects = {

/* Begin PBXBuildFile section */
		5B03F12A2969DB5B00AB1C7F /* ASInspector.framework in Frameworks */ = {isa = PBXBuildFile; fileRef = 5B03F1212969DB5B00AB1C7F /* ASInspector.framework */; };
		5B03F12F2969DB5B00AB1C7F /* ASInspectorTests.swift in Sources */ = {isa = PBXBuildFile; fileRef = 5B03F12E2969DB5B00AB1C7F /* ASInspectorTests.swift */; };
		5B03F1302969DB5B00AB1C7F /* ASInspector.h in Headers */ = {isa = PBXBuildFile; fileRef = 5B03F1242969DB5B00AB1C7F /* ASInspector.h */; settings = {ATTRIBUTES = (Public, ); }; };
		5B03F1672969DC7200AB1C7F /* MIMEChecker.swift in Sources */ = {isa = PBXBuildFile; fileRef = 5B03F1662969DC7200AB1C7F /* MIMEChecker.swift */; };
		5B03F1692969DC9700AB1C7F /* FileMeta.swift in Sources */ = {isa = PBXBuildFile; fileRef = 5B03F1682969DC9700AB1C7F /* FileMeta.swift */; };
		5B03F16B2969DCAA00AB1C7F /* ContentType.swift in Sources */ = {isa = PBXBuildFile; fileRef = 5B03F16A2969DCAA00AB1C7F /* ContentType.swift */; };
		5B03F16F2969DCD400AB1C7F /* GzipError.swift in Sources */ = {isa = PBXBuildFile; fileRef = 5B03F16E2969DCD400AB1C7F /* GzipError.swift */; };
		5B03F1712969DCF500AB1C7F /* URLRequest+Helpers.swift in Sources */ = {isa = PBXBuildFile; fileRef = 5B03F1702969DCF500AB1C7F /* URLRequest+Helpers.swift */; };
		5B03F1732969DD1700AB1C7F /* Data+Helpers.swift in Sources */ = {isa = PBXBuildFile; fileRef = 5B03F1722969DD1700AB1C7F /* Data+Helpers.swift */; };
		5B03F1752969DD3100AB1C7F /* DataSize.swift in Sources */ = {isa = PBXBuildFile; fileRef = 5B03F1742969DD3100AB1C7F /* DataSize.swift */; };
		5B03F1772969DD4F00AB1C7F /* NSMutableURLRequest+Helpers.swift in Sources */ = {isa = PBXBuildFile; fileRef = 5B03F1762969DD4F00AB1C7F /* NSMutableURLRequest+Helpers.swift */; };
		5B03F18A2969DEEA00AB1C7F /* NetworkConstants.swift in Sources */ = {isa = PBXBuildFile; fileRef = 5B03F1892969DEEA00AB1C7F /* NetworkConstants.swift */; };
		5B03F18D2969DF2100AB1C7F /* SessionState.swift in Sources */ = {isa = PBXBuildFile; fileRef = 5B03F18C2969DF2100AB1C7F /* SessionState.swift */; };
		5B03F1922969DF5200AB1C7F /* Bundle+Helpers.swift in Sources */ = {isa = PBXBuildFile; fileRef = 5B03F18F2969DF5200AB1C7F /* Bundle+Helpers.swift */; };
		5B03F1932969DF5200AB1C7F /* DispatchQueue+Helpers.swift in Sources */ = {isa = PBXBuildFile; fileRef = 5B03F1902969DF5200AB1C7F /* DispatchQueue+Helpers.swift */; };
		5B03F1942969DF5200AB1C7F /* NotificationName+Names.swift in Sources */ = {isa = PBXBuildFile; fileRef = 5B03F1912969DF5200AB1C7F /* NotificationName+Names.swift */; };
		5B03F1962969DF7D00AB1C7F /* Constants.swift in Sources */ = {isa = PBXBuildFile; fileRef = 5B03F1952969DF7D00AB1C7F /* Constants.swift */; };
		5B03F1982969E02300AB1C7F /* AppUtilities.swift in Sources */ = {isa = PBXBuildFile; fileRef = 5B03F1972969E02300AB1C7F /* AppUtilities.swift */; };
		5B03F19B2969E05D00AB1C7F /* FileService.swift in Sources */ = {isa = PBXBuildFile; fileRef = 5B03F19A2969E05D00AB1C7F /* FileService.swift */; };
		5B03F19E2969E0C500AB1C7F /* LoggerProtocol.swift in Sources */ = {isa = PBXBuildFile; fileRef = 5B03F19D2969E0C500AB1C7F /* LoggerProtocol.swift */; };
		5B03F1A02969E0FE00AB1C7F /* FileServiceContract.swift in Sources */ = {isa = PBXBuildFile; fileRef = 5B03F19F2969E0FE00AB1C7F /* FileServiceContract.swift */; };
		5B03F1A52969E26200AB1C7F /* NetworkLogData.swift in Sources */ = {isa = PBXBuildFile; fileRef = 5B03F1A42969E26200AB1C7F /* NetworkLogData.swift */; };
/* End PBXBuildFile section */

/* Begin PBXContainerItemProxy section */
		5B03F12B2969DB5B00AB1C7F /* PBXContainerItemProxy */ = {
			isa = PBXContainerItemProxy;
			containerPortal = 5B03F1182969DB5B00AB1C7F /* Project object */;
			proxyType = 1;
			remoteGlobalIDString = 5B03F1202969DB5B00AB1C7F;
			remoteInfo = ASInspector;
		};
/* End PBXContainerItemProxy section */

/* Begin PBXFileReference section */
		5B03F1212969DB5B00AB1C7F /* ASInspector.framework */ = {isa = PBXFileReference; explicitFileType = wrapper.framework; includeInIndex = 0; path = ASInspector.framework; sourceTree = BUILT_PRODUCTS_DIR; };
		5B03F1242969DB5B00AB1C7F /* ASInspector.h */ = {isa = PBXFileReference; lastKnownFileType = sourcecode.c.h; path = ASInspector.h; sourceTree = "<group>"; };
		5B03F1292969DB5B00AB1C7F /* ASInspectorTests.xctest */ = {isa = PBXFileReference; explicitFileType = wrapper.cfbundle; includeInIndex = 0; path = ASInspectorTests.xctest; sourceTree = BUILT_PRODUCTS_DIR; };
		5B03F12E2969DB5B00AB1C7F /* ASInspectorTests.swift */ = {isa = PBXFileReference; lastKnownFileType = sourcecode.swift; path = ASInspectorTests.swift; sourceTree = "<group>"; };
		5B03F1662969DC7200AB1C7F /* MIMEChecker.swift */ = {isa = PBXFileReference; lastKnownFileType = sourcecode.swift; path = MIMEChecker.swift; sourceTree = "<group>"; };
		5B03F1682969DC9700AB1C7F /* FileMeta.swift */ = {isa = PBXFileReference; lastKnownFileType = sourcecode.swift; path = FileMeta.swift; sourceTree = "<group>"; };
		5B03F16A2969DCAA00AB1C7F /* ContentType.swift */ = {isa = PBXFileReference; lastKnownFileType = sourcecode.swift; path = ContentType.swift; sourceTree = "<group>"; };
		5B03F16E2969DCD400AB1C7F /* GzipError.swift */ = {isa = PBXFileReference; lastKnownFileType = sourcecode.swift; path = GzipError.swift; sourceTree = "<group>"; };
		5B03F1702969DCF500AB1C7F /* URLRequest+Helpers.swift */ = {isa = PBXFileReference; lastKnownFileType = sourcecode.swift; path = "URLRequest+Helpers.swift"; sourceTree = "<group>"; };
		5B03F1722969DD1700AB1C7F /* Data+Helpers.swift */ = {isa = PBXFileReference; lastKnownFileType = sourcecode.swift; path = "Data+Helpers.swift"; sourceTree = "<group>"; };
		5B03F1742969DD3100AB1C7F /* DataSize.swift */ = {isa = PBXFileReference; lastKnownFileType = sourcecode.swift; path = DataSize.swift; sourceTree = "<group>"; };
		5B03F1762969DD4F00AB1C7F /* NSMutableURLRequest+Helpers.swift */ = {isa = PBXFileReference; lastKnownFileType = sourcecode.swift; path = "NSMutableURLRequest+Helpers.swift"; sourceTree = "<group>"; };
		5B03F1892969DEEA00AB1C7F /* NetworkConstants.swift */ = {isa = PBXFileReference; lastKnownFileType = sourcecode.swift; path = NetworkConstants.swift; sourceTree = "<group>"; };
		5B03F18C2969DF2100AB1C7F /* SessionState.swift */ = {isa = PBXFileReference; fileEncoding = 4; lastKnownFileType = sourcecode.swift; path = SessionState.swift; sourceTree = "<group>"; };
		5B03F18F2969DF5200AB1C7F /* Bundle+Helpers.swift */ = {isa = PBXFileReference; fileEncoding = 4; lastKnownFileType = sourcecode.swift; name = "Bundle+Helpers.swift"; path = "../../../../../AsInspector/ASInspector/ASInspector/CoreInspector/Extentions/Bundle+Helpers.swift"; sourceTree = "<group>"; };
		5B03F1902969DF5200AB1C7F /* DispatchQueue+Helpers.swift */ = {isa = PBXFileReference; fileEncoding = 4; lastKnownFileType = sourcecode.swift; name = "DispatchQueue+Helpers.swift"; path = "../../../../../AsInspector/ASInspector/ASInspector/CoreInspector/Extentions/DispatchQueue+Helpers.swift"; sourceTree = "<group>"; };
		5B03F1912969DF5200AB1C7F /* NotificationName+Names.swift */ = {isa = PBXFileReference; fileEncoding = 4; lastKnownFileType = sourcecode.swift; name = "NotificationName+Names.swift"; path = "../../../../../AsInspector/ASInspector/ASInspector/CoreInspector/Extentions/NotificationName+Names.swift"; sourceTree = "<group>"; };
		5B03F1952969DF7D00AB1C7F /* Constants.swift */ = {isa = PBXFileReference; fileEncoding = 4; lastKnownFileType = sourcecode.swift; name = Constants.swift; path = ../../../../../../AsInspector/ASInspector/ASInspector/CoreInspector/Utilities/Constans/Constants.swift; sourceTree = "<group>"; };
		5B03F1972969E02300AB1C7F /* AppUtilities.swift */ = {isa = PBXFileReference; lastKnownFileType = sourcecode.swift; name = AppUtilities.swift; path = ../../../../../AsInspector/ASInspector/ASInspector/NetworkInspector/Utilities/AppUtilities.swift; sourceTree = "<group>"; };
		5B03F19A2969E05D00AB1C7F /* FileService.swift */ = {isa = PBXFileReference; lastKnownFileType = sourcecode.swift; path = FileService.swift; sourceTree = "<group>"; };
		5B03F19D2969E0C500AB1C7F /* LoggerProtocol.swift */ = {isa = PBXFileReference; lastKnownFileType = sourcecode.swift; name = LoggerProtocol.swift; path = ../../../../../../AsInspector/ASInspector/ASInspector/CoreInspector/Managers/FileServices/LoggerProtocol.swift; sourceTree = "<group>"; };
		5B03F19F2969E0FE00AB1C7F /* FileServiceContract.swift */ = {isa = PBXFileReference; lastKnownFileType = sourcecode.swift; name = FileServiceContract.swift; path = ../../../../../../AsInspector/ASInspector/ASInspector/CoreInspector/Managers/FileServices/FileServiceContract.swift; sourceTree = "<group>"; };
		5B03F1A42969E26200AB1C7F /* NetworkLogData.swift */ = {isa = PBXFileReference; lastKnownFileType = sourcecode.swift; name = NetworkLogData.swift; path = ../../../../../AsInspector/ASInspector/ASInspector/NetworkInspector/Models/NetworkLogData.swift; sourceTree = "<group>"; };
/* End PBXFileReference section */

/* Begin PBXFrameworksBuildPhase section */
		5B03F11E2969DB5B00AB1C7F /* Frameworks */ = {
			isa = PBXFrameworksBuildPhase;
			buildActionMask = 2147483647;
			files = (
			);
			runOnlyForDeploymentPostprocessing = 0;
		};
		5B03F1262969DB5B00AB1C7F /* Frameworks */ = {
			isa = PBXFrameworksBuildPhase;
			buildActionMask = 2147483647;
			files = (
				5B03F12A2969DB5B00AB1C7F /* ASInspector.framework in Frameworks */,
			);
			runOnlyForDeploymentPostprocessing = 0;
		};
/* End PBXFrameworksBuildPhase section */

/* Begin PBXGroup section */
		5B03F1172969DB5B00AB1C7F = {
			isa = PBXGroup;
			children = (
				5B03F1232969DB5B00AB1C7F /* ASInspector */,
				5B03F12D2969DB5B00AB1C7F /* ASInspectorTests */,
				5B03F1222969DB5B00AB1C7F /* Products */,
			);
			indentWidth = 2;
			sourceTree = "<group>";
			tabWidth = 2;
		};
		5B03F1222969DB5B00AB1C7F /* Products */ = {
			isa = PBXGroup;
			children = (
				5B03F1212969DB5B00AB1C7F /* ASInspector.framework */,
				5B03F1292969DB5B00AB1C7F /* ASInspectorTests.xctest */,
			);
			name = Products;
			sourceTree = "<group>";
		};
		5B03F1232969DB5B00AB1C7F /* ASInspector */ = {
			isa = PBXGroup;
			children = (
				5B03F1872969DEC100AB1C7F /* NetworkInspector */,
				5B03F1862969DEAF00AB1C7F /* CoreInspector */,
				5B03F1242969DB5B00AB1C7F /* ASInspector.h */,
			);
			path = ASInspector;
			sourceTree = "<group>";
		};
		5B03F12D2969DB5B00AB1C7F /* ASInspectorTests */ = {
			isa = PBXGroup;
			children = (
				5B03F12E2969DB5B00AB1C7F /* ASInspectorTests.swift */,
			);
			path = ASInspectorTests;
			sourceTree = "<group>";
		};
		5B03F1642969DC3A00AB1C7F /* Utilities */ = {
			isa = PBXGroup;
			children = (
				5B03F1812969DE1B00AB1C7F /* Constans */,
				5B03F1802969DE0400AB1C7F /* File Utilities */,
			);
			path = Utilities;
			sourceTree = "<group>";
		};
		5B03F1652969DC5000AB1C7F /* Extentions */ = {
			isa = PBXGroup;
			children = (
				5B03F17A2969DD8B00AB1C7F /* Data */,
				5B03F18F2969DF5200AB1C7F /* Bundle+Helpers.swift */,
				5B03F1902969DF5200AB1C7F /* DispatchQueue+Helpers.swift */,
				5B03F1912969DF5200AB1C7F /* NotificationName+Names.swift */,
			);
			path = Extentions;
			sourceTree = "<group>";
		};
		5B03F17A2969DD8B00AB1C7F /* Data */ = {
			isa = PBXGroup;
			children = (
				5B03F1722969DD1700AB1C7F /* Data+Helpers.swift */,
				5B03F1742969DD3100AB1C7F /* DataSize.swift */,
			);
			path = Data;
			sourceTree = "<group>";
		};
		5B03F17B2969DD9800AB1C7F /* URLRequest */ = {
			isa = PBXGroup;
			children = (
				5B03F1702969DCF500AB1C7F /* URLRequest+Helpers.swift */,
				5B03F1762969DD4F00AB1C7F /* NSMutableURLRequest+Helpers.swift */,
			);
			path = URLRequest;
			sourceTree = "<group>";
		};
		5B03F1802969DE0400AB1C7F /* File Utilities */ = {
			isa = PBXGroup;
			children = (
				5B03F1662969DC7200AB1C7F /* MIMEChecker.swift */,
				5B03F1682969DC9700AB1C7F /* FileMeta.swift */,
				5B03F16E2969DCD400AB1C7F /* GzipError.swift */,
				5B03F16A2969DCAA00AB1C7F /* ContentType.swift */,
			);
			path = "File Utilities";
			sourceTree = "<group>";
		};
		5B03F1812969DE1B00AB1C7F /* Constans */ = {
			isa = PBXGroup;
			children = (
				5B03F1952969DF7D00AB1C7F /* Constants.swift */,
			);
			path = Constans;
			sourceTree = "<group>";
		};
		5B03F1862969DEAF00AB1C7F /* CoreInspector */ = {
			isa = PBXGroup;
			children = (
				5B03F1992969E05400AB1C7F /* Managers */,
				5B03F1652969DC5000AB1C7F /* Extentions */,
				5B03F1642969DC3A00AB1C7F /* Utilities */,
			);
			path = CoreInspector;
			sourceTree = "<group>";
		};
		5B03F1872969DEC100AB1C7F /* NetworkInspector */ = {
			isa = PBXGroup;
			children = (
				5B03F18E2969DF2D00AB1C7F /* Extentions */,
				5B03F1882969DED700AB1C7F /* Utilities */,
				5B03F1A32969E25000AB1C7F /* Models */,
			);
			path = NetworkInspector;
			sourceTree = "<group>";
		};
		5B03F1882969DED700AB1C7F /* Utilities */ = {
			isa = PBXGroup;
			children = (
				5B03F18B2969DEF400AB1C7F /* Constans */,
				5B03F18C2969DF2100AB1C7F /* SessionState.swift */,
				5B03F1972969E02300AB1C7F /* AppUtilities.swift */,
			);
			path = Utilities;
			sourceTree = "<group>";
		};
		5B03F18B2969DEF400AB1C7F /* Constans */ = {
			isa = PBXGroup;
			children = (
				5B03F1892969DEEA00AB1C7F /* NetworkConstants.swift */,
			);
			path = Constans;
			sourceTree = "<group>";
		};
		5B03F18E2969DF2D00AB1C7F /* Extentions */ = {
			isa = PBXGroup;
			children = (
				5B03F17B2969DD9800AB1C7F /* URLRequest */,
			);
			path = Extentions;
			sourceTree = "<group>";
		};
		5B03F1992969E05400AB1C7F /* Managers */ = {
			isa = PBXGroup;
			children = (
				5B03F19C2969E09700AB1C7F /* FileServices */,
			);
			path = Managers;
			sourceTree = "<group>";
		};
		5B03F19C2969E09700AB1C7F /* FileServices */ = {
			isa = PBXGroup;
			children = (
				5B03F19A2969E05D00AB1C7F /* FileService.swift */,
				5B03F19F2969E0FE00AB1C7F /* FileServiceContract.swift */,
				5B03F19D2969E0C500AB1C7F /* LoggerProtocol.swift */,
			);
			path = FileServices;
			sourceTree = "<group>";
		};
		5B03F1A32969E25000AB1C7F /* Models */ = {
			isa = PBXGroup;
			children = (
				5B03F1A42969E26200AB1C7F /* NetworkLogData.swift */,
			);
			path = Models;
			sourceTree = "<group>";
		};
/* End PBXGroup section */

/* Begin PBXHeadersBuildPhase section */
		5B03F11C2969DB5B00AB1C7F /* Headers */ = {
			isa = PBXHeadersBuildPhase;
			buildActionMask = 2147483647;
			files = (
				5B03F1302969DB5B00AB1C7F /* ASInspector.h in Headers */,
			);
			runOnlyForDeploymentPostprocessing = 0;
		};
/* End PBXHeadersBuildPhase section */

/* Begin PBXNativeTarget section */
		5B03F1202969DB5B00AB1C7F /* ASInspector */ = {
			isa = PBXNativeTarget;
			buildConfigurationList = 5B03F1332969DB5B00AB1C7F /* Build configuration list for PBXNativeTarget "ASInspector" */;
			buildPhases = (
				5B03F11C2969DB5B00AB1C7F /* Headers */,
				5B03F11D2969DB5B00AB1C7F /* Sources */,
				5B03F11E2969DB5B00AB1C7F /* Frameworks */,
				5B03F11F2969DB5B00AB1C7F /* Resources */,
			);
			buildRules = (
			);
			dependencies = (
			);
			name = ASInspector;
			productName = ASInspector;
			productReference = 5B03F1212969DB5B00AB1C7F /* ASInspector.framework */;
			productType = "com.apple.product-type.framework";
		};
		5B03F1282969DB5B00AB1C7F /* ASInspectorTests */ = {
			isa = PBXNativeTarget;
			buildConfigurationList = 5B03F1362969DB5B00AB1C7F /* Build configuration list for PBXNativeTarget "ASInspectorTests" */;
			buildPhases = (
				5B03F1252969DB5B00AB1C7F /* Sources */,
				5B03F1262969DB5B00AB1C7F /* Frameworks */,
				5B03F1272969DB5B00AB1C7F /* Resources */,
			);
			buildRules = (
			);
			dependencies = (
				5B03F12C2969DB5B00AB1C7F /* PBXTargetDependency */,
			);
			name = ASInspectorTests;
			productName = ASInspectorTests;
			productReference = 5B03F1292969DB5B00AB1C7F /* ASInspectorTests.xctest */;
			productType = "com.apple.product-type.bundle.unit-test";
		};
/* End PBXNativeTarget section */

/* Begin PBXProject section */
		5B03F1182969DB5B00AB1C7F /* Project object */ = {
			isa = PBXProject;
			attributes = {
				BuildIndependentTargetsInParallel = 1;
				LastSwiftUpdateCheck = 1410;
				LastUpgradeCheck = 1410;
				TargetAttributes = {
					5B03F1202969DB5B00AB1C7F = {
						CreatedOnToolsVersion = 14.1;
						LastSwiftMigration = 1410;
					};
					5B03F1282969DB5B00AB1C7F = {
						CreatedOnToolsVersion = 14.1;
					};
				};
			};
			buildConfigurationList = 5B03F11B2969DB5B00AB1C7F /* Build configuration list for PBXProject "ASInspector" */;
			compatibilityVersion = "Xcode 14.0";
			developmentRegion = en;
			hasScannedForEncodings = 0;
			knownRegions = (
				en,
				Base,
			);
			mainGroup = 5B03F1172969DB5B00AB1C7F;
			productRefGroup = 5B03F1222969DB5B00AB1C7F /* Products */;
			projectDirPath = "";
			projectRoot = "";
			targets = (
				5B03F1202969DB5B00AB1C7F /* ASInspector */,
				5B03F1282969DB5B00AB1C7F /* ASInspectorTests */,
			);
		};
/* End PBXProject section */

/* Begin PBXResourcesBuildPhase section */
		5B03F11F2969DB5B00AB1C7F /* Resources */ = {
			isa = PBXResourcesBuildPhase;
			buildActionMask = 2147483647;
			files = (
			);
			runOnlyForDeploymentPostprocessing = 0;
		};
		5B03F1272969DB5B00AB1C7F /* Resources */ = {
			isa = PBXResourcesBuildPhase;
			buildActionMask = 2147483647;
			files = (
			);
			runOnlyForDeploymentPostprocessing = 0;
		};
/* End PBXResourcesBuildPhase section */

/* Begin PBXSourcesBuildPhase section */
		5B03F11D2969DB5B00AB1C7F /* Sources */ = {
			isa = PBXSourcesBuildPhase;
			buildActionMask = 2147483647;
			files = (
				5B03F1942969DF5200AB1C7F /* NotificationName+Names.swift in Sources */,
				5B03F18A2969DEEA00AB1C7F /* NetworkConstants.swift in Sources */,
				5B03F1692969DC9700AB1C7F /* FileMeta.swift in Sources */,
				5B03F18D2969DF2100AB1C7F /* SessionState.swift in Sources */,
				5B03F1712969DCF500AB1C7F /* URLRequest+Helpers.swift in Sources */,
				5B03F1962969DF7D00AB1C7F /* Constants.swift in Sources */,
				5B03F1A52969E26200AB1C7F /* NetworkLogData.swift in Sources */,
				5B03F1672969DC7200AB1C7F /* MIMEChecker.swift in Sources */,
				5B03F1A02969E0FE00AB1C7F /* FileServiceContract.swift in Sources */,
				5B03F19E2969E0C500AB1C7F /* LoggerProtocol.swift in Sources */,
				5B03F19B2969E05D00AB1C7F /* FileService.swift in Sources */,
				5B03F1982969E02300AB1C7F /* AppUtilities.swift in Sources */,
				5B03F16B2969DCAA00AB1C7F /* ContentType.swift in Sources */,
				5B03F1732969DD1700AB1C7F /* Data+Helpers.swift in Sources */,
				5B03F1922969DF5200AB1C7F /* Bundle+Helpers.swift in Sources */,
				5B03F1752969DD3100AB1C7F /* DataSize.swift in Sources */,
				5B03F16F2969DCD400AB1C7F /* GzipError.swift in Sources */,
				5B03F1772969DD4F00AB1C7F /* NSMutableURLRequest+Helpers.swift in Sources */,
				5B03F1932969DF5200AB1C7F /* DispatchQueue+Helpers.swift in Sources */,
			);
			runOnlyForDeploymentPostprocessing = 0;
		};
		5B03F1252969DB5B00AB1C7F /* Sources */ = {
			isa = PBXSourcesBuildPhase;
			buildActionMask = 2147483647;
			files = (
				5B03F12F2969DB5B00AB1C7F /* ASInspectorTests.swift in Sources */,
			);
			runOnlyForDeploymentPostprocessing = 0;
		};
/* End PBXSourcesBuildPhase section */

/* Begin PBXTargetDependency section */
		5B03F12C2969DB5B00AB1C7F /* PBXTargetDependency */ = {
			isa = PBXTargetDependency;
			target = 5B03F1202969DB5B00AB1C7F /* ASInspector */;
			targetProxy = 5B03F12B2969DB5B00AB1C7F /* PBXContainerItemProxy */;
		};
/* End PBXTargetDependency section */

/* Begin XCBuildConfiguration section */
		5B03F1312969DB5B00AB1C7F /* Debug */ = {
			isa = XCBuildConfiguration;
			buildSettings = {
				ALWAYS_SEARCH_USER_PATHS = NO;
				CLANG_ANALYZER_NONNULL = YES;
				CLANG_ANALYZER_NUMBER_OBJECT_CONVERSION = YES_AGGRESSIVE;
				CLANG_CXX_LANGUAGE_STANDARD = "gnu++20";
				CLANG_ENABLE_MODULES = YES;
				CLANG_ENABLE_OBJC_ARC = YES;
				CLANG_ENABLE_OBJC_WEAK = YES;
				CLANG_WARN_BLOCK_CAPTURE_AUTORELEASING = YES;
				CLANG_WARN_BOOL_CONVERSION = YES;
				CLANG_WARN_COMMA = YES;
				CLANG_WARN_CONSTANT_CONVERSION = YES;
				CLANG_WARN_DEPRECATED_OBJC_IMPLEMENTATIONS = YES;
				CLANG_WARN_DIRECT_OBJC_ISA_USAGE = YES_ERROR;
				CLANG_WARN_DOCUMENTATION_COMMENTS = YES;
				CLANG_WARN_EMPTY_BODY = YES;
				CLANG_WARN_ENUM_CONVERSION = YES;
				CLANG_WARN_INFINITE_RECURSION = YES;
				CLANG_WARN_INT_CONVERSION = YES;
				CLANG_WARN_NON_LITERAL_NULL_CONVERSION = YES;
				CLANG_WARN_OBJC_IMPLICIT_RETAIN_SELF = YES;
				CLANG_WARN_OBJC_LITERAL_CONVERSION = YES;
				CLANG_WARN_OBJC_ROOT_CLASS = YES_ERROR;
				CLANG_WARN_QUOTED_INCLUDE_IN_FRAMEWORK_HEADER = YES;
				CLANG_WARN_RANGE_LOOP_ANALYSIS = YES;
				CLANG_WARN_STRICT_PROTOTYPES = YES;
				CLANG_WARN_SUSPICIOUS_MOVE = YES;
				CLANG_WARN_UNGUARDED_AVAILABILITY = YES_AGGRESSIVE;
				CLANG_WARN_UNREACHABLE_CODE = YES;
				CLANG_WARN__DUPLICATE_METHOD_MATCH = YES;
				COPY_PHASE_STRIP = NO;
				CURRENT_PROJECT_VERSION = 1;
				DEBUG_INFORMATION_FORMAT = dwarf;
				ENABLE_STRICT_OBJC_MSGSEND = YES;
				ENABLE_TESTABILITY = YES;
				GCC_C_LANGUAGE_STANDARD = gnu11;
				GCC_DYNAMIC_NO_PIC = NO;
				GCC_NO_COMMON_BLOCKS = YES;
				GCC_OPTIMIZATION_LEVEL = 0;
				GCC_PREPROCESSOR_DEFINITIONS = (
					"DEBUG=1",
					"$(inherited)",
				);
				GCC_WARN_64_TO_32_BIT_CONVERSION = YES;
				GCC_WARN_ABOUT_RETURN_TYPE = YES_ERROR;
				GCC_WARN_UNDECLARED_SELECTOR = YES;
				GCC_WARN_UNINITIALIZED_AUTOS = YES_AGGRESSIVE;
				GCC_WARN_UNUSED_FUNCTION = YES;
				GCC_WARN_UNUSED_VARIABLE = YES;
				IPHONEOS_DEPLOYMENT_TARGET = 16.1;
				MTL_ENABLE_DEBUG_INFO = INCLUDE_SOURCE;
				MTL_FAST_MATH = YES;
				ONLY_ACTIVE_ARCH = YES;
				SDKROOT = iphoneos;
				SWIFT_ACTIVE_COMPILATION_CONDITIONS = DEBUG;
				SWIFT_OPTIMIZATION_LEVEL = "-Onone";
				VERSIONING_SYSTEM = "apple-generic";
				VERSION_INFO_PREFIX = "";
			};
			name = Debug;
		};
		5B03F1322969DB5B00AB1C7F /* Release */ = {
			isa = XCBuildConfiguration;
			buildSettings = {
				ALWAYS_SEARCH_USER_PATHS = NO;
				CLANG_ANALYZER_NONNULL = YES;
				CLANG_ANALYZER_NUMBER_OBJECT_CONVERSION = YES_AGGRESSIVE;
				CLANG_CXX_LANGUAGE_STANDARD = "gnu++20";
				CLANG_ENABLE_MODULES = YES;
				CLANG_ENABLE_OBJC_ARC = YES;
				CLANG_ENABLE_OBJC_WEAK = YES;
				CLANG_WARN_BLOCK_CAPTURE_AUTORELEASING = YES;
				CLANG_WARN_BOOL_CONVERSION = YES;
				CLANG_WARN_COMMA = YES;
				CLANG_WARN_CONSTANT_CONVERSION = YES;
				CLANG_WARN_DEPRECATED_OBJC_IMPLEMENTATIONS = YES;
				CLANG_WARN_DIRECT_OBJC_ISA_USAGE = YES_ERROR;
				CLANG_WARN_DOCUMENTATION_COMMENTS = YES;
				CLANG_WARN_EMPTY_BODY = YES;
				CLANG_WARN_ENUM_CONVERSION = YES;
				CLANG_WARN_INFINITE_RECURSION = YES;
				CLANG_WARN_INT_CONVERSION = YES;
				CLANG_WARN_NON_LITERAL_NULL_CONVERSION = YES;
				CLANG_WARN_OBJC_IMPLICIT_RETAIN_SELF = YES;
				CLANG_WARN_OBJC_LITERAL_CONVERSION = YES;
				CLANG_WARN_OBJC_ROOT_CLASS = YES_ERROR;
				CLANG_WARN_QUOTED_INCLUDE_IN_FRAMEWORK_HEADER = YES;
				CLANG_WARN_RANGE_LOOP_ANALYSIS = YES;
				CLANG_WARN_STRICT_PROTOTYPES = YES;
				CLANG_WARN_SUSPICIOUS_MOVE = YES;
				CLANG_WARN_UNGUARDED_AVAILABILITY = YES_AGGRESSIVE;
				CLANG_WARN_UNREACHABLE_CODE = YES;
				CLANG_WARN__DUPLICATE_METHOD_MATCH = YES;
				COPY_PHASE_STRIP = NO;
				CURRENT_PROJECT_VERSION = 1;
				DEBUG_INFORMATION_FORMAT = "dwarf-with-dsym";
				ENABLE_NS_ASSERTIONS = NO;
				ENABLE_STRICT_OBJC_MSGSEND = YES;
				GCC_C_LANGUAGE_STANDARD = gnu11;
				GCC_NO_COMMON_BLOCKS = YES;
				GCC_WARN_64_TO_32_BIT_CONVERSION = YES;
				GCC_WARN_ABOUT_RETURN_TYPE = YES_ERROR;
				GCC_WARN_UNDECLARED_SELECTOR = YES;
				GCC_WARN_UNINITIALIZED_AUTOS = YES_AGGRESSIVE;
				GCC_WARN_UNUSED_FUNCTION = YES;
				GCC_WARN_UNUSED_VARIABLE = YES;
				IPHONEOS_DEPLOYMENT_TARGET = 16.1;
				MTL_ENABLE_DEBUG_INFO = NO;
				MTL_FAST_MATH = YES;
				SDKROOT = iphoneos;
				SWIFT_COMPILATION_MODE = wholemodule;
				SWIFT_OPTIMIZATION_LEVEL = "-O";
				VALIDATE_PRODUCT = YES;
				VERSIONING_SYSTEM = "apple-generic";
				VERSION_INFO_PREFIX = "";
			};
			name = Release;
		};
		5B03F1342969DB5B00AB1C7F /* Debug */ = {
			isa = XCBuildConfiguration;
			buildSettings = {
				CLANG_ENABLE_MODULES = YES;
				CODE_SIGN_STYLE = Automatic;
				CURRENT_PROJECT_VERSION = 1;
				DEFINES_MODULE = YES;
				DYLIB_COMPATIBILITY_VERSION = 1;
				DYLIB_CURRENT_VERSION = 1;
				DYLIB_INSTALL_NAME_BASE = "@rpath";
				GENERATE_INFOPLIST_FILE = YES;
				INFOPLIST_KEY_NSHumanReadableCopyright = "";
				INSTALL_PATH = "$(LOCAL_LIBRARY_DIR)/Frameworks";
				LD_RUNPATH_SEARCH_PATHS = (
					"$(inherited)",
					"@executable_path/Frameworks",
					"@loader_path/Frameworks",
				);
				MARKETING_VERSION = 1.0;
				PRODUCT_BUNDLE_IDENTIFIER = com.ASInspector;
				PRODUCT_NAME = "$(TARGET_NAME:c99extidentifier)";
				SKIP_INSTALL = YES;
				SWIFT_EMIT_LOC_STRINGS = YES;
				SWIFT_OPTIMIZATION_LEVEL = "-Onone";
				SWIFT_VERSION = 5.0;
				TARGETED_DEVICE_FAMILY = "1,2";
			};
			name = Debug;
		};
		5B03F1352969DB5B00AB1C7F /* Release */ = {
			isa = XCBuildConfiguration;
			buildSettings = {
				CLANG_ENABLE_MODULES = YES;
				CODE_SIGN_STYLE = Automatic;
				CURRENT_PROJECT_VERSION = 1;
				DEFINES_MODULE = YES;
				DYLIB_COMPATIBILITY_VERSION = 1;
				DYLIB_CURRENT_VERSION = 1;
				DYLIB_INSTALL_NAME_BASE = "@rpath";
				GENERATE_INFOPLIST_FILE = YES;
				INFOPLIST_KEY_NSHumanReadableCopyright = "";
				INSTALL_PATH = "$(LOCAL_LIBRARY_DIR)/Frameworks";
				LD_RUNPATH_SEARCH_PATHS = (
					"$(inherited)",
					"@executable_path/Frameworks",
					"@loader_path/Frameworks",
				);
				MARKETING_VERSION = 1.0;
				PRODUCT_BUNDLE_IDENTIFIER = com.ASInspector;
				PRODUCT_NAME = "$(TARGET_NAME:c99extidentifier)";
				SKIP_INSTALL = YES;
				SWIFT_EMIT_LOC_STRINGS = YES;
				SWIFT_VERSION = 5.0;
				TARGETED_DEVICE_FAMILY = "1,2";
			};
			name = Release;
		};
		5B03F1372969DB5B00AB1C7F /* Debug */ = {
			isa = XCBuildConfiguration;
			buildSettings = {
				ALWAYS_EMBED_SWIFT_STANDARD_LIBRARIES = YES;
				CODE_SIGN_STYLE = Automatic;
				CURRENT_PROJECT_VERSION = 1;
				GENERATE_INFOPLIST_FILE = YES;
				MARKETING_VERSION = 1.0;
				PRODUCT_BUNDLE_IDENTIFIER = com.ASInspectorTests;
				PRODUCT_NAME = "$(TARGET_NAME)";
				SWIFT_EMIT_LOC_STRINGS = NO;
				SWIFT_VERSION = 5.0;
				TARGETED_DEVICE_FAMILY = "1,2";
			};
			name = Debug;
		};
		5B03F1382969DB5B00AB1C7F /* Release */ = {
			isa = XCBuildConfiguration;
			buildSettings = {
				ALWAYS_EMBED_SWIFT_STANDARD_LIBRARIES = YES;
				CODE_SIGN_STYLE = Automatic;
				CURRENT_PROJECT_VERSION = 1;
				GENERATE_INFOPLIST_FILE = YES;
				MARKETING_VERSION = 1.0;
				PRODUCT_BUNDLE_IDENTIFIER = com.ASInspectorTests;
				PRODUCT_NAME = "$(TARGET_NAME)";
				SWIFT_EMIT_LOC_STRINGS = NO;
				SWIFT_VERSION = 5.0;
				TARGETED_DEVICE_FAMILY = "1,2";
			};
			name = Release;
		};
/* End XCBuildConfiguration section */

/* Begin XCConfigurationList section */
		5B03F11B2969DB5B00AB1C7F /* Build configuration list for PBXProject "ASInspector" */ = {
			isa = XCConfigurationList;
			buildConfigurations = (
				5B03F1312969DB5B00AB1C7F /* Debug */,
				5B03F1322969DB5B00AB1C7F /* Release */,
			);
			defaultConfigurationIsVisible = 0;
			defaultConfigurationName = Release;
		};
		5B03F1332969DB5B00AB1C7F /* Build configuration list for PBXNativeTarget "ASInspector" */ = {
			isa = XCConfigurationList;
			buildConfigurations = (
				5B03F1342969DB5B00AB1C7F /* Debug */,
				5B03F1352969DB5B00AB1C7F /* Release */,
			);
			defaultConfigurationIsVisible = 0;
			defaultConfigurationName = Release;
		};
		5B03F1362969DB5B00AB1C7F /* Build configuration list for PBXNativeTarget "ASInspectorTests" */ = {
			isa = XCConfigurationList;
			buildConfigurations = (
				5B03F1372969DB5B00AB1C7F /* Debug */,
				5B03F1382969DB5B00AB1C7F /* Release */,
			);
			defaultConfigurationIsVisible = 0;
			defaultConfigurationName = Release;
		};
/* End XCConfigurationList section */
	};
	rootObject = 5B03F1182969DB5B00AB1C7F /* Project object */;
}
